// !$*UTF8*$!
{
	archiveVersion = 1;
	classes = {
	};
	objectVersion = 77;
	objects = {

/* Begin PBXBuildFile section */
		1168F83C686F53A8C887D3B2 /* Pods_GasGo.framework in Frameworks */ = {isa = PBXBuildFile; fileRef = EFAF9D3E66CFF703E730B637 /* Pods_GasGo.framework */; };
		957D4C582D8E2F8300971433 /* Assets.xcassets in Resources */ = {isa = PBXBuildFile; fileRef = 957D4C4F2D8E2F8300971433 /* Assets.xcassets */; };
		957D4C5A2D8E2F8300971433 /* LaunchScreen.storyboard in Resources */ = {isa = PBXBuildFile; fileRef = 957D4C522D8E2F8300971433 /* LaunchScreen.storyboard */; };
		957D4C5C2D8E2F8300971433 /* AppDelegate.swift in Sources */ = {isa = PBXBuildFile; fileRef = 957D4C4E2D8E2F8300971433 /* AppDelegate.swift */; };
		957D4C662D8E304A00971433 /* Launch.storyboard in Resources */ = {isa = PBXBuildFile; fileRef = 957D4C602D8E304A00971433 /* Launch.storyboard */; };
		957D4C672D8E304A00971433 /* LaunchContract.swift in Sources */ = {isa = PBXBuildFile; fileRef = 957D4C612D8E304A00971433 /* LaunchContract.swift */; };
		957D4C682D8E304A00971433 /* LaunchInteractor.swift in Sources */ = {isa = PBXBuildFile; fileRef = 957D4C622D8E304A00971433 /* LaunchInteractor.swift */; };
		957D4C692D8E304A00971433 /* LaunchPresenter.swift in Sources */ = {isa = PBXBuildFile; fileRef = 957D4C632D8E304A00971433 /* LaunchPresenter.swift */; };
		957D4C6A2D8E304A00971433 /* LaunchViewController.swift in Sources */ = {isa = PBXBuildFile; fileRef = 957D4C652D8E304A00971433 /* LaunchViewController.swift */; };
		957D4C6B2D8E304A00971433 /* LaunchRouter.swift in Sources */ = {isa = PBXBuildFile; fileRef = 957D4C642D8E304A00971433 /* LaunchRouter.swift */; };
		957D4C7A2D8E322700971433 /* BaseView.swift in Sources */ = {isa = PBXBuildFile; fileRef = 957D4C772D8E322700971433 /* BaseView.swift */; };
		957D4C7B2D8E322700971433 /* BaseInteractor.swift in Sources */ = {isa = PBXBuildFile; fileRef = 957D4C762D8E322700971433 /* BaseInteractor.swift */; };
		957D4C7C2D8E322700971433 /* BaseViewController.swift in Sources */ = {isa = PBXBuildFile; fileRef = 957D4C782D8E322700971433 /* BaseViewController.swift */; };
		B103737F2DDFF01900360C22 /* DirectionsEndpoints.swift in Sources */ = {isa = PBXBuildFile; fileRef = B103737E2DDFF01900360C22 /* DirectionsEndpoints.swift */; };
		B10373812DDFF02900360C22 /* DirectionsFetcher.swift in Sources */ = {isa = PBXBuildFile; fileRef = B10373802DDFF02900360C22 /* DirectionsFetcher.swift */; };
		B10373832DDFF03100360C22 /* DirectionsWorker.swift in Sources */ = {isa = PBXBuildFile; fileRef = B10373822DDFF03100360C22 /* DirectionsWorker.swift */; };
		B10373852DDFF03D00360C22 /* DirectionsMethods.swift in Sources */ = {isa = PBXBuildFile; fileRef = B10373842DDFF03D00360C22 /* DirectionsMethods.swift */; };
		B10373872DDFF78500360C22 /* DirectionsEntity.swift in Sources */ = {isa = PBXBuildFile; fileRef = B10373862DDFF78500360C22 /* DirectionsEntity.swift */; };
		B103738A2DE0021000360C22 /* FavoritesManager.swift in Sources */ = {isa = PBXBuildFile; fileRef = B10373892DE0021000360C22 /* FavoritesManager.swift */; };
		B103738D2DE002BC00360C22 /* Favorites.xcdatamodeld in Sources */ = {isa = PBXBuildFile; fileRef = B103738B2DE002BC00360C22 /* Favorites.xcdatamodeld */; };
		B10373902DE0042700360C22 /* CoreDataStack.swift in Sources */ = {isa = PBXBuildFile; fileRef = B103738F2DE0042700360C22 /* CoreDataStack.swift */; };
		B103739C2DE008DC00360C22 /* FavouritesTableViewCell.swift in Sources */ = {isa = PBXBuildFile; fileRef = B103739B2DE008DC00360C22 /* FavouritesTableViewCell.swift */; };
		B103739E2DE0109900360C22 /* FavouriteStation.swift in Sources */ = {isa = PBXBuildFile; fileRef = B103739D2DE0109900360C22 /* FavouriteStation.swift */; };
		B10373A02DE0121F00360C22 /* NetworkManager.swift in Sources */ = {isa = PBXBuildFile; fileRef = B103739F2DE0121F00360C22 /* NetworkManager.swift */; };
		B111A3DD2DDA71DC0058711F /* HomeBottomView.swift in Sources */ = {isa = PBXBuildFile; fileRef = B111A3DC2DDA71DC0058711F /* HomeBottomView.swift */; };
		B111A3DF2DDA74520058711F /* StationCardCollectionViewCell.swift in Sources */ = {isa = PBXBuildFile; fileRef = B111A3DE2DDA74520058711F /* StationCardCollectionViewCell.swift */; };
		B11854172DDE351500B85086 /* StationDetailCollectionViewCell.swift in Sources */ = {isa = PBXBuildFile; fileRef = B11854162DDE351500B85086 /* StationDetailCollectionViewCell.swift */; };
		B1436E062DD103D1009BCE9E /* OnboardingContract.swift in Sources */ = {isa = PBXBuildFile; fileRef = B1436DFA2DD103D1009BCE9E /* OnboardingContract.swift */; };
		B1436E072DD103D1009BCE9E /* OnboardingInteractor.swift in Sources */ = {isa = PBXBuildFile; fileRef = B1436DFC2DD103D1009BCE9E /* OnboardingInteractor.swift */; };
		B1436E082DD103D1009BCE9E /* OnboardingRouter.swift in Sources */ = {isa = PBXBuildFile; fileRef = B1436E002DD103D1009BCE9E /* OnboardingRouter.swift */; };
		B1436E092DD103D1009BCE9E /* OnboardingViewController.swift in Sources */ = {isa = PBXBuildFile; fileRef = B1436E032DD103D1009BCE9E /* OnboardingViewController.swift */; };
		B1436E0A2DD103D1009BCE9E /* OnboardingPresenter.swift in Sources */ = {isa = PBXBuildFile; fileRef = B1436DFE2DD103D1009BCE9E /* OnboardingPresenter.swift */; };
		B1436E0F2DD113B2009BCE9E /* OnboardingCollectionViewCell.swift in Sources */ = {isa = PBXBuildFile; fileRef = B1436E0E2DD113B2009BCE9E /* OnboardingCollectionViewCell.swift */; };
		B1436E122DD11598009BCE9E /* Enums.swift in Sources */ = {isa = PBXBuildFile; fileRef = B1436E112DD11598009BCE9E /* Enums.swift */; };
		B1436E142DD115AC009BCE9E /* Styles.swift in Sources */ = {isa = PBXBuildFile; fileRef = B1436E132DD115AC009BCE9E /* Styles.swift */; };
		B1436E162DD115B5009BCE9E /* Config.swift in Sources */ = {isa = PBXBuildFile; fileRef = B1436E152DD115B5009BCE9E /* Config.swift */; };
		B1436E252DD115C5009BCE9E /* Outfit-Light.ttf in Resources */ = {isa = PBXBuildFile; fileRef = B1436E1B2DD115C5009BCE9E /* Outfit-Light.ttf */; };
		B1436E262DD115C5009BCE9E /* Animation3.json in Resources */ = {isa = PBXBuildFile; fileRef = B1436E232DD115C5009BCE9E /* Animation3.json */; };
		B1436E272DD115C5009BCE9E /* Outfit-Medium.ttf in Resources */ = {isa = PBXBuildFile; fileRef = B1436E1C2DD115C5009BCE9E /* Outfit-Medium.ttf */; };
		B1436E282DD115C5009BCE9E /* Outfit-Bold.ttf in Resources */ = {isa = PBXBuildFile; fileRef = B1436E182DD115C5009BCE9E /* Outfit-Bold.ttf */; };
		B1436E292DD115C5009BCE9E /* Outfit-Black.ttf in Resources */ = {isa = PBXBuildFile; fileRef = B1436E172DD115C5009BCE9E /* Outfit-Black.ttf */; };
		B1436E2A2DD115C5009BCE9E /* Outfit-ExtraBold.ttf in Resources */ = {isa = PBXBuildFile; fileRef = B1436E192DD115C5009BCE9E /* Outfit-ExtraBold.ttf */; };
		B1436E2B2DD115C5009BCE9E /* Outfit-Regular.ttf in Resources */ = {isa = PBXBuildFile; fileRef = B1436E1D2DD115C5009BCE9E /* Outfit-Regular.ttf */; };
		B1436E2C2DD115C5009BCE9E /* Animation2.json in Resources */ = {isa = PBXBuildFile; fileRef = B1436E222DD115C5009BCE9E /* Animation2.json */; };
		B1436E2D2DD115C5009BCE9E /* Outfit-SemiBold.ttf in Resources */ = {isa = PBXBuildFile; fileRef = B1436E1E2DD115C5009BCE9E /* Outfit-SemiBold.ttf */; };
		B1436E2E2DD115C5009BCE9E /* Outfit-ExtraLight.ttf in Resources */ = {isa = PBXBuildFile; fileRef = B1436E1A2DD115C5009BCE9E /* Outfit-ExtraLight.ttf */; };
		B1436E2F2DD115C5009BCE9E /* Outfit-Thin.ttf in Resources */ = {isa = PBXBuildFile; fileRef = B1436E1F2DD115C5009BCE9E /* Outfit-Thin.ttf */; };
		B1436E302DD115C5009BCE9E /* Animation1.json in Resources */ = {isa = PBXBuildFile; fileRef = B1436E212DD115C5009BCE9E /* Animation1.json */; };
		B14C8F372DC2370B0066E20A /* MethodDecoder.swift in Sources */ = {isa = PBXBuildFile; fileRef = B14C8F352DC2370B0066E20A /* MethodDecoder.swift */; };
		B14C8F382DC2370B0066E20A /* Remote.swift in Sources */ = {isa = PBXBuildFile; fileRef = B14C8F362DC2370B0066E20A /* Remote.swift */; };
		B14C8F392DC2370B0066E20A /* RemoteRequest.swift in Sources */ = {isa = PBXBuildFile; fileRef = B14C8F302DC2370B0066E20A /* RemoteRequest.swift */; };
		B14C8F3A2DC2370B0066E20A /* ErrorModel.swift in Sources */ = {isa = PBXBuildFile; fileRef = B14C8F342DC2370B0066E20A /* ErrorModel.swift */; };
		B14C8F3B2DC2370B0066E20A /* URLSessionProtocol.swift in Sources */ = {isa = PBXBuildFile; fileRef = B14C8F322DC2370B0066E20A /* URLSessionProtocol.swift */; };
		B14C8F3C2DC2370B0066E20A /* RemoteDecoder.swift in Sources */ = {isa = PBXBuildFile; fileRef = B14C8F2C2DC2370B0066E20A /* RemoteDecoder.swift */; };
		B14C8F3D2DC2370B0066E20A /* RemoteEncoder.swift in Sources */ = {isa = PBXBuildFile; fileRef = B14C8F2D2DC2370B0066E20A /* RemoteEncoder.swift */; };
		B14C8F3E2DC2370B0066E20A /* RemoteEndpoint.swift in Sources */ = {isa = PBXBuildFile; fileRef = B14C8F2E2DC2370B0066E20A /* RemoteEndpoint.swift */; };
		B14C8F3F2DC2370B0066E20A /* URLQueryEncoder.swift in Sources */ = {isa = PBXBuildFile; fileRef = B14C8F312DC2370B0066E20A /* URLQueryEncoder.swift */; };
		B14C8F402DC2370B0066E20A /* RemoteEntities.swift in Sources */ = {isa = PBXBuildFile; fileRef = B14C8F2F2DC2370B0066E20A /* RemoteEntities.swift */; };
		B14C8F562DC2379A0066E20A /* KeychainSharedConstants.swift in Sources */ = {isa = PBXBuildFile; fileRef = B14C8F522DC2379A0066E20A /* KeychainSharedConstants.swift */; };
		B14C8F572DC2379A0066E20A /* KeychainSecurityConstants.swift in Sources */ = {isa = PBXBuildFile; fileRef = B14C8F512DC2379A0066E20A /* KeychainSecurityConstants.swift */; };
		B14C8F582DC2379A0066E20A /* KeychainItemAccessibility.swift in Sources */ = {isa = PBXBuildFile; fileRef = B14C8F4F2DC2379A0066E20A /* KeychainItemAccessibility.swift */; };
		B14C8F592DC2379A0066E20A /* KeychainKey.swift in Sources */ = {isa = PBXBuildFile; fileRef = B14C8F502DC2379A0066E20A /* KeychainKey.swift */; };
		B14C8F5A2DC2379A0066E20A /* KeychainStandardConstants.swift in Sources */ = {isa = PBXBuildFile; fileRef = B14C8F532DC2379A0066E20A /* KeychainStandardConstants.swift */; };
		B14C8F5B2DC2379A0066E20A /* KeychainWrapper.swift in Sources */ = {isa = PBXBuildFile; fileRef = B14C8F542DC2379A0066E20A /* KeychainWrapper.swift */; };
		B14EAC932DDAA10F00F8F568 /* StationNavigationInfo.swift in Sources */ = {isa = PBXBuildFile; fileRef = B14EAC922DDAA10F00F8F568 /* StationNavigationInfo.swift */; };
		B14EAC952DDAA16E00F8F568 /* DirectionsRequestModel.swift in Sources */ = {isa = PBXBuildFile; fileRef = B14EAC942DDAA16E00F8F568 /* DirectionsRequestModel.swift */; };
		B14EAC9F2DDAA2AF00F8F568 /* UIViewExtension.swift in Sources */ = {isa = PBXBuildFile; fileRef = B14EAC9C2DDAA2AF00F8F568 /* UIViewExtension.swift */; };
		B14EACA02DDAA2AF00F8F568 /* SnappingFlowLayout.swift in Sources */ = {isa = PBXBuildFile; fileRef = B14EAC9D2DDAA2AF00F8F568 /* SnappingFlowLayout.swift */; };
		B14EACA32DDAA2D600F8F568 /* CLLocationCoordinate2DExtension.swift in Sources */ = {isa = PBXBuildFile; fileRef = B14EACA22DDAA2D600F8F568 /* CLLocationCoordinate2DExtension.swift */; };
		B14EACA62DDAABEF00F8F568 /* MarkerFactory.swift in Sources */ = {isa = PBXBuildFile; fileRef = B14EACA52DDAABEF00F8F568 /* MarkerFactory.swift */; };
		B17014822DD7F429000306F9 /* MainTabBarController.swift in Sources */ = {isa = PBXBuildFile; fileRef = B17014812DD7F429000306F9 /* MainTabBarController.swift */; };
		B17014922DD7F497000306F9 /* FavouritesInteractor.swift in Sources */ = {isa = PBXBuildFile; fileRef = B17014892DD7F497000306F9 /* FavouritesInteractor.swift */; };
		B17014932DD7F497000306F9 /* FavouritesContract.swift in Sources */ = {isa = PBXBuildFile; fileRef = B17014872DD7F497000306F9 /* FavouritesContract.swift */; };
		B17014942DD7F497000306F9 /* FavouritesRouter.swift in Sources */ = {isa = PBXBuildFile; fileRef = B170148D2DD7F497000306F9 /* FavouritesRouter.swift */; };
		B17014952DD7F497000306F9 /* FavouritesPresenter.swift in Sources */ = {isa = PBXBuildFile; fileRef = B170148B2DD7F497000306F9 /* FavouritesPresenter.swift */; };
		B17014962DD7F497000306F9 /* FavouritesViewController.swift in Sources */ = {isa = PBXBuildFile; fileRef = B17014902DD7F497000306F9 /* FavouritesViewController.swift */; };
		B17014A32DD7F49F000306F9 /* SettingsContract.swift in Sources */ = {isa = PBXBuildFile; fileRef = B17014982DD7F49F000306F9 /* SettingsContract.swift */; };
		B17014A42DD7F49F000306F9 /* SettingsRouter.swift in Sources */ = {isa = PBXBuildFile; fileRef = B170149E2DD7F49F000306F9 /* SettingsRouter.swift */; };
		B17014A52DD7F49F000306F9 /* SettingsPresenter.swift in Sources */ = {isa = PBXBuildFile; fileRef = B170149C2DD7F49F000306F9 /* SettingsPresenter.swift */; };
		B17014A62DD7F49F000306F9 /* SettingsInteractor.swift in Sources */ = {isa = PBXBuildFile; fileRef = B170149A2DD7F49F000306F9 /* SettingsInteractor.swift */; };
		B17014A72DD7F49F000306F9 /* SettingsViewController.swift in Sources */ = {isa = PBXBuildFile; fileRef = B17014A12DD7F49F000306F9 /* SettingsViewController.swift */; };
		B17014B42DD7F4A6000306F9 /* HomeInteractor.swift in Sources */ = {isa = PBXBuildFile; fileRef = B17014AB2DD7F4A6000306F9 /* HomeInteractor.swift */; };
		B17014B52DD7F4A6000306F9 /* HomeRouter.swift in Sources */ = {isa = PBXBuildFile; fileRef = B17014AF2DD7F4A6000306F9 /* HomeRouter.swift */; };
		B17014B62DD7F4A6000306F9 /* HomePresenter.swift in Sources */ = {isa = PBXBuildFile; fileRef = B17014AD2DD7F4A6000306F9 /* HomePresenter.swift */; };
		B17014B72DD7F4A6000306F9 /* HomeViewController.swift in Sources */ = {isa = PBXBuildFile; fileRef = B17014B22DD7F4A6000306F9 /* HomeViewController.swift */; };
		B17014B82DD7F4A6000306F9 /* HomeContract.swift in Sources */ = {isa = PBXBuildFile; fileRef = B17014A92DD7F4A6000306F9 /* HomeContract.swift */; };
		B17014BC2DD801FB000306F9 /* SettingsTableViewCell.swift in Sources */ = {isa = PBXBuildFile; fileRef = B17014BB2DD801FB000306F9 /* SettingsTableViewCell.swift */; };
		B1CB346C2DD8CCC8008B9210 /* GoogleMapsManager.swift in Sources */ = {isa = PBXBuildFile; fileRef = B1CB346B2DD8CCC8008B9210 /* GoogleMapsManager.swift */; };
		B1CB346E2DD8CF08008B9210 /* LocationManager.swift in Sources */ = {isa = PBXBuildFile; fileRef = B1CB346D2DD8CF08008B9210 /* LocationManager.swift */; };
		B1CB34712DD8D088008B9210 /* dark_map_style.json in Resources */ = {isa = PBXBuildFile; fileRef = B1CB34702DD8D07F008B9210 /* dark_map_style.json */; };
		B1CB34762DD8FCC6008B9210 /* HomeEndpoints.swift in Sources */ = {isa = PBXBuildFile; fileRef = B1CB34752DD8FCC6008B9210 /* HomeEndpoints.swift */; };
		B1CB34782DD8FCD2008B9210 /* HomeFetcher.swift in Sources */ = {isa = PBXBuildFile; fileRef = B1CB34772DD8FCD2008B9210 /* HomeFetcher.swift */; };
		B1CB347A2DD8FCDA008B9210 /* HomeWorker.swift in Sources */ = {isa = PBXBuildFile; fileRef = B1CB34792DD8FCDA008B9210 /* HomeWorker.swift */; };
		B1CB347C2DD8FCE2008B9210 /* HomeMethods.swift in Sources */ = {isa = PBXBuildFile; fileRef = B1CB347B2DD8FCE2008B9210 /* HomeMethods.swift */; };
		B1CB347E2DD8FF7C008B9210 /* NearbySearchRequestModel.swift in Sources */ = {isa = PBXBuildFile; fileRef = B1CB347D2DD8FF7C008B9210 /* NearbySearchRequestModel.swift */; };
		B1CB34802DD90048008B9210 /* NearbyPlaceEntity.swift in Sources */ = {isa = PBXBuildFile; fileRef = B1CB347F2DD90048008B9210 /* NearbyPlaceEntity.swift */; };
		B1CB34832DD93675008B9210 /* StationDetailEndpoints.swift in Sources */ = {isa = PBXBuildFile; fileRef = B1CB34822DD93674008B9210 /* StationDetailEndpoints.swift */; };
		B1CB34852DD93684008B9210 /* StationDetailFetcher.swift in Sources */ = {isa = PBXBuildFile; fileRef = B1CB34842DD93684008B9210 /* StationDetailFetcher.swift */; };
		B1CB34872DD9368D008B9210 /* StationDetailWorker.swift in Sources */ = {isa = PBXBuildFile; fileRef = B1CB34862DD9368D008B9210 /* StationDetailWorker.swift */; };
		B1CB34892DD93696008B9210 /* StationDetailMethods.swift in Sources */ = {isa = PBXBuildFile; fileRef = B1CB34882DD93696008B9210 /* StationDetailMethods.swift */; };
		B1CB348B2DD9370F008B9210 /* PlaceDetailRequestModel.swift in Sources */ = {isa = PBXBuildFile; fileRef = B1CB348A2DD9370F008B9210 /* PlaceDetailRequestModel.swift */; };
		B1CB348D2DD9373C008B9210 /* PlaceDetailEntity.swift in Sources */ = {isa = PBXBuildFile; fileRef = B1CB348C2DD9373C008B9210 /* PlaceDetailEntity.swift */; };
		B1CB349A2DD941D2008B9210 /* StationDetailContract.swift in Sources */ = {isa = PBXBuildFile; fileRef = B1CB348F2DD941D2008B9210 /* StationDetailContract.swift */; };
		B1CB349B2DD941D2008B9210 /* StationDetailPresenter.swift in Sources */ = {isa = PBXBuildFile; fileRef = B1CB34932DD941D2008B9210 /* StationDetailPresenter.swift */; };
		B1CB349C2DD941D2008B9210 /* StationDetailInteractor.swift in Sources */ = {isa = PBXBuildFile; fileRef = B1CB34912DD941D2008B9210 /* StationDetailInteractor.swift */; };
		B1CB349D2DD941D2008B9210 /* StationDetailRouter.swift in Sources */ = {isa = PBXBuildFile; fileRef = B1CB34952DD941D2008B9210 /* StationDetailRouter.swift */; };
		B1CB349E2DD941D2008B9210 /* StationDetailViewController.swift in Sources */ = {isa = PBXBuildFile; fileRef = B1CB34982DD941D2008B9210 /* StationDetailViewController.swift */; };
		B1F337A12DD452BD00BFE14A /* StationSelectionContract.swift in Sources */ = {isa = PBXBuildFile; fileRef = B1F337962DD452BD00BFE14A /* StationSelectionContract.swift */; };
		B1F337A22DD452BD00BFE14A /* StationSelectionPresenter.swift in Sources */ = {isa = PBXBuildFile; fileRef = B1F3379A2DD452BD00BFE14A /* StationSelectionPresenter.swift */; };
		B1F337A32DD452BD00BFE14A /* StationSelectionViewController.swift in Sources */ = {isa = PBXBuildFile; fileRef = B1F3379F2DD452BD00BFE14A /* StationSelectionViewController.swift */; };
		B1F337A42DD452BD00BFE14A /* StationSelectionRouter.swift in Sources */ = {isa = PBXBuildFile; fileRef = B1F3379C2DD452BD00BFE14A /* StationSelectionRouter.swift */; };
		B1F337A52DD452BD00BFE14A /* StationSelectionInteractor.swift in Sources */ = {isa = PBXBuildFile; fileRef = B1F337982DD452BD00BFE14A /* StationSelectionInteractor.swift */; };
/* End PBXBuildFile section */

/* Begin PBXFileReference section */
		38CB710A982A01D7D0680197 /* Pods-GasGo.release.xcconfig */ = {isa = PBXFileReference; includeInIndex = 1; lastKnownFileType = text.xcconfig; name = "Pods-GasGo.release.xcconfig"; path = "Target Support Files/Pods-GasGo/Pods-GasGo.release.xcconfig"; sourceTree = "<group>"; };
		957D4C362D8E2F7B00971433 /* GasGo.app */ = {isa = PBXFileReference; explicitFileType = wrapper.application; includeInIndex = 0; path = GasGo.app; sourceTree = BUILT_PRODUCTS_DIR; };
		957D4C4E2D8E2F8300971433 /* AppDelegate.swift */ = {isa = PBXFileReference; lastKnownFileType = sourcecode.swift; path = AppDelegate.swift; sourceTree = "<group>"; };
		957D4C4F2D8E2F8300971433 /* Assets.xcassets */ = {isa = PBXFileReference; lastKnownFileType = folder.assetcatalog; path = Assets.xcassets; sourceTree = "<group>"; };
		957D4C502D8E2F8300971433 /* Info.plist */ = {isa = PBXFileReference; lastKnownFileType = text.plist.xml; path = Info.plist; sourceTree = "<group>"; };
		957D4C512D8E2F8300971433 /* Base */ = {isa = PBXFileReference; lastKnownFileType = file.storyboard; name = Base; path = Base.lproj/LaunchScreen.storyboard; sourceTree = "<group>"; };
		957D4C602D8E304A00971433 /* Launch.storyboard */ = {isa = PBXFileReference; lastKnownFileType = file.storyboard; path = Launch.storyboard; sourceTree = "<group>"; };
		957D4C612D8E304A00971433 /* LaunchContract.swift */ = {isa = PBXFileReference; lastKnownFileType = sourcecode.swift; path = LaunchContract.swift; sourceTree = "<group>"; };
		957D4C622D8E304A00971433 /* LaunchInteractor.swift */ = {isa = PBXFileReference; lastKnownFileType = sourcecode.swift; path = LaunchInteractor.swift; sourceTree = "<group>"; };
		957D4C632D8E304A00971433 /* LaunchPresenter.swift */ = {isa = PBXFileReference; lastKnownFileType = sourcecode.swift; path = LaunchPresenter.swift; sourceTree = "<group>"; };
		957D4C642D8E304A00971433 /* LaunchRouter.swift */ = {isa = PBXFileReference; lastKnownFileType = sourcecode.swift; path = LaunchRouter.swift; sourceTree = "<group>"; };
		957D4C652D8E304A00971433 /* LaunchViewController.swift */ = {isa = PBXFileReference; lastKnownFileType = sourcecode.swift; path = LaunchViewController.swift; sourceTree = "<group>"; };
		957D4C762D8E322700971433 /* BaseInteractor.swift */ = {isa = PBXFileReference; lastKnownFileType = sourcecode.swift; path = BaseInteractor.swift; sourceTree = "<group>"; };
		957D4C772D8E322700971433 /* BaseView.swift */ = {isa = PBXFileReference; lastKnownFileType = sourcecode.swift; path = BaseView.swift; sourceTree = "<group>"; };
		957D4C782D8E322700971433 /* BaseViewController.swift */ = {isa = PBXFileReference; lastKnownFileType = sourcecode.swift; path = BaseViewController.swift; sourceTree = "<group>"; };
		B103737E2DDFF01900360C22 /* DirectionsEndpoints.swift */ = {isa = PBXFileReference; lastKnownFileType = sourcecode.swift; path = DirectionsEndpoints.swift; sourceTree = "<group>"; };
		B10373802DDFF02900360C22 /* DirectionsFetcher.swift */ = {isa = PBXFileReference; lastKnownFileType = sourcecode.swift; path = DirectionsFetcher.swift; sourceTree = "<group>"; };
		B10373822DDFF03100360C22 /* DirectionsWorker.swift */ = {isa = PBXFileReference; lastKnownFileType = sourcecode.swift; path = DirectionsWorker.swift; sourceTree = "<group>"; };
		B10373842DDFF03D00360C22 /* DirectionsMethods.swift */ = {isa = PBXFileReference; lastKnownFileType = sourcecode.swift; path = DirectionsMethods.swift; sourceTree = "<group>"; };
		B10373862DDFF78500360C22 /* DirectionsEntity.swift */ = {isa = PBXFileReference; lastKnownFileType = sourcecode.swift; path = DirectionsEntity.swift; sourceTree = "<group>"; };
		B10373892DE0021000360C22 /* FavoritesManager.swift */ = {isa = PBXFileReference; lastKnownFileType = sourcecode.swift; path = FavoritesManager.swift; sourceTree = "<group>"; };
		B103738C2DE002BC00360C22 /* Favorites.xcdatamodel */ = {isa = PBXFileReference; lastKnownFileType = wrapper.xcdatamodel; path = Favorites.xcdatamodel; sourceTree = "<group>"; };
		B103738F2DE0042700360C22 /* CoreDataStack.swift */ = {isa = PBXFileReference; lastKnownFileType = sourcecode.swift; path = CoreDataStack.swift; sourceTree = "<group>"; };
		B103739B2DE008DC00360C22 /* FavouritesTableViewCell.swift */ = {isa = PBXFileReference; lastKnownFileType = sourcecode.swift; path = FavouritesTableViewCell.swift; sourceTree = "<group>"; };
		B103739D2DE0109900360C22 /* FavouriteStation.swift */ = {isa = PBXFileReference; lastKnownFileType = sourcecode.swift; path = FavouriteStation.swift; sourceTree = "<group>"; };
		B103739F2DE0121F00360C22 /* NetworkManager.swift */ = {isa = PBXFileReference; lastKnownFileType = sourcecode.swift; path = NetworkManager.swift; sourceTree = "<group>"; };
		B111A3DC2DDA71DC0058711F /* HomeBottomView.swift */ = {isa = PBXFileReference; lastKnownFileType = sourcecode.swift; path = HomeBottomView.swift; sourceTree = "<group>"; };
		B111A3DE2DDA74520058711F /* StationCardCollectionViewCell.swift */ = {isa = PBXFileReference; lastKnownFileType = sourcecode.swift; path = StationCardCollectionViewCell.swift; sourceTree = "<group>"; };
		B11854162DDE351500B85086 /* StationDetailCollectionViewCell.swift */ = {isa = PBXFileReference; lastKnownFileType = sourcecode.swift; path = StationDetailCollectionViewCell.swift; sourceTree = "<group>"; };
		B1436DFA2DD103D1009BCE9E /* OnboardingContract.swift */ = {isa = PBXFileReference; lastKnownFileType = sourcecode.swift; path = OnboardingContract.swift; sourceTree = "<group>"; };
		B1436DFC2DD103D1009BCE9E /* OnboardingInteractor.swift */ = {isa = PBXFileReference; lastKnownFileType = sourcecode.swift; path = OnboardingInteractor.swift; sourceTree = "<group>"; };
		B1436DFE2DD103D1009BCE9E /* OnboardingPresenter.swift */ = {isa = PBXFileReference; lastKnownFileType = sourcecode.swift; path = OnboardingPresenter.swift; sourceTree = "<group>"; };
		B1436E002DD103D1009BCE9E /* OnboardingRouter.swift */ = {isa = PBXFileReference; lastKnownFileType = sourcecode.swift; path = OnboardingRouter.swift; sourceTree = "<group>"; };
		B1436E032DD103D1009BCE9E /* OnboardingViewController.swift */ = {isa = PBXFileReference; lastKnownFileType = sourcecode.swift; path = OnboardingViewController.swift; sourceTree = "<group>"; };
		B1436E0E2DD113B2009BCE9E /* OnboardingCollectionViewCell.swift */ = {isa = PBXFileReference; lastKnownFileType = sourcecode.swift; path = OnboardingCollectionViewCell.swift; sourceTree = "<group>"; };
		B1436E112DD11598009BCE9E /* Enums.swift */ = {isa = PBXFileReference; lastKnownFileType = sourcecode.swift; path = Enums.swift; sourceTree = "<group>"; };
		B1436E132DD115AC009BCE9E /* Styles.swift */ = {isa = PBXFileReference; lastKnownFileType = sourcecode.swift; path = Styles.swift; sourceTree = "<group>"; };
		B1436E152DD115B5009BCE9E /* Config.swift */ = {isa = PBXFileReference; lastKnownFileType = sourcecode.swift; path = Config.swift; sourceTree = "<group>"; };
		B1436E172DD115C5009BCE9E /* Outfit-Black.ttf */ = {isa = PBXFileReference; lastKnownFileType = file; path = "Outfit-Black.ttf"; sourceTree = "<group>"; };
		B1436E182DD115C5009BCE9E /* Outfit-Bold.ttf */ = {isa = PBXFileReference; lastKnownFileType = file; path = "Outfit-Bold.ttf"; sourceTree = "<group>"; };
		B1436E192DD115C5009BCE9E /* Outfit-ExtraBold.ttf */ = {isa = PBXFileReference; lastKnownFileType = file; path = "Outfit-ExtraBold.ttf"; sourceTree = "<group>"; };
		B1436E1A2DD115C5009BCE9E /* Outfit-ExtraLight.ttf */ = {isa = PBXFileReference; lastKnownFileType = file; path = "Outfit-ExtraLight.ttf"; sourceTree = "<group>"; };
		B1436E1B2DD115C5009BCE9E /* Outfit-Light.ttf */ = {isa = PBXFileReference; lastKnownFileType = file; path = "Outfit-Light.ttf"; sourceTree = "<group>"; };
		B1436E1C2DD115C5009BCE9E /* Outfit-Medium.ttf */ = {isa = PBXFileReference; lastKnownFileType = file; path = "Outfit-Medium.ttf"; sourceTree = "<group>"; };
		B1436E1D2DD115C5009BCE9E /* Outfit-Regular.ttf */ = {isa = PBXFileReference; lastKnownFileType = file; path = "Outfit-Regular.ttf"; sourceTree = "<group>"; };
		B1436E1E2DD115C5009BCE9E /* Outfit-SemiBold.ttf */ = {isa = PBXFileReference; lastKnownFileType = file; path = "Outfit-SemiBold.ttf"; sourceTree = "<group>"; };
		B1436E1F2DD115C5009BCE9E /* Outfit-Thin.ttf */ = {isa = PBXFileReference; lastKnownFileType = file; path = "Outfit-Thin.ttf"; sourceTree = "<group>"; };
		B1436E212DD115C5009BCE9E /* Animation1.json */ = {isa = PBXFileReference; lastKnownFileType = text.json; path = Animation1.json; sourceTree = "<group>"; };
		B1436E222DD115C5009BCE9E /* Animation2.json */ = {isa = PBXFileReference; lastKnownFileType = text.json; path = Animation2.json; sourceTree = "<group>"; };
		B1436E232DD115C5009BCE9E /* Animation3.json */ = {isa = PBXFileReference; lastKnownFileType = text.json; path = Animation3.json; sourceTree = "<group>"; };
		B14C8F2C2DC2370B0066E20A /* RemoteDecoder.swift */ = {isa = PBXFileReference; lastKnownFileType = sourcecode.swift; path = RemoteDecoder.swift; sourceTree = "<group>"; };
		B14C8F2D2DC2370B0066E20A /* RemoteEncoder.swift */ = {isa = PBXFileReference; lastKnownFileType = sourcecode.swift; path = RemoteEncoder.swift; sourceTree = "<group>"; };
		B14C8F2E2DC2370B0066E20A /* RemoteEndpoint.swift */ = {isa = PBXFileReference; lastKnownFileType = sourcecode.swift; path = RemoteEndpoint.swift; sourceTree = "<group>"; };
		B14C8F2F2DC2370B0066E20A /* RemoteEntities.swift */ = {isa = PBXFileReference; lastKnownFileType = sourcecode.swift; path = RemoteEntities.swift; sourceTree = "<group>"; };
		B14C8F302DC2370B0066E20A /* RemoteRequest.swift */ = {isa = PBXFileReference; lastKnownFileType = sourcecode.swift; path = RemoteRequest.swift; sourceTree = "<group>"; };
		B14C8F312DC2370B0066E20A /* URLQueryEncoder.swift */ = {isa = PBXFileReference; lastKnownFileType = sourcecode.swift; path = URLQueryEncoder.swift; sourceTree = "<group>"; };
		B14C8F322DC2370B0066E20A /* URLSessionProtocol.swift */ = {isa = PBXFileReference; lastKnownFileType = sourcecode.swift; path = URLSessionProtocol.swift; sourceTree = "<group>"; };
		B14C8F342DC2370B0066E20A /* ErrorModel.swift */ = {isa = PBXFileReference; lastKnownFileType = sourcecode.swift; path = ErrorModel.swift; sourceTree = "<group>"; };
		B14C8F352DC2370B0066E20A /* MethodDecoder.swift */ = {isa = PBXFileReference; lastKnownFileType = sourcecode.swift; path = MethodDecoder.swift; sourceTree = "<group>"; };
		B14C8F362DC2370B0066E20A /* Remote.swift */ = {isa = PBXFileReference; lastKnownFileType = sourcecode.swift; path = Remote.swift; sourceTree = "<group>"; };
		B14C8F4F2DC2379A0066E20A /* KeychainItemAccessibility.swift */ = {isa = PBXFileReference; lastKnownFileType = sourcecode.swift; path = KeychainItemAccessibility.swift; sourceTree = "<group>"; };
		B14C8F502DC2379A0066E20A /* KeychainKey.swift */ = {isa = PBXFileReference; lastKnownFileType = sourcecode.swift; path = KeychainKey.swift; sourceTree = "<group>"; };
		B14C8F512DC2379A0066E20A /* KeychainSecurityConstants.swift */ = {isa = PBXFileReference; lastKnownFileType = sourcecode.swift; path = KeychainSecurityConstants.swift; sourceTree = "<group>"; };
		B14C8F522DC2379A0066E20A /* KeychainSharedConstants.swift */ = {isa = PBXFileReference; lastKnownFileType = sourcecode.swift; path = KeychainSharedConstants.swift; sourceTree = "<group>"; };
		B14C8F532DC2379A0066E20A /* KeychainStandardConstants.swift */ = {isa = PBXFileReference; lastKnownFileType = sourcecode.swift; path = KeychainStandardConstants.swift; sourceTree = "<group>"; };
		B14C8F542DC2379A0066E20A /* KeychainWrapper.swift */ = {isa = PBXFileReference; lastKnownFileType = sourcecode.swift; path = KeychainWrapper.swift; sourceTree = "<group>"; };
		B14EAC922DDAA10F00F8F568 /* StationNavigationInfo.swift */ = {isa = PBXFileReference; lastKnownFileType = sourcecode.swift; path = StationNavigationInfo.swift; sourceTree = "<group>"; };
		B14EAC942DDAA16E00F8F568 /* DirectionsRequestModel.swift */ = {isa = PBXFileReference; lastKnownFileType = sourcecode.swift; path = DirectionsRequestModel.swift; sourceTree = "<group>"; };
		B14EAC9C2DDAA2AF00F8F568 /* UIViewExtension.swift */ = {isa = PBXFileReference; lastKnownFileType = sourcecode.swift; path = UIViewExtension.swift; sourceTree = "<group>"; };
		B14EAC9D2DDAA2AF00F8F568 /* SnappingFlowLayout.swift */ = {isa = PBXFileReference; lastKnownFileType = sourcecode.swift; path = SnappingFlowLayout.swift; sourceTree = "<group>"; };
		B14EACA22DDAA2D600F8F568 /* CLLocationCoordinate2DExtension.swift */ = {isa = PBXFileReference; lastKnownFileType = sourcecode.swift; path = CLLocationCoordinate2DExtension.swift; sourceTree = "<group>"; };
		B14EACA52DDAABEF00F8F568 /* MarkerFactory.swift */ = {isa = PBXFileReference; lastKnownFileType = sourcecode.swift; path = MarkerFactory.swift; sourceTree = "<group>"; };
		B17014812DD7F429000306F9 /* MainTabBarController.swift */ = {isa = PBXFileReference; lastKnownFileType = sourcecode.swift; path = MainTabBarController.swift; sourceTree = "<group>"; };
		B17014872DD7F497000306F9 /* FavouritesContract.swift */ = {isa = PBXFileReference; lastKnownFileType = sourcecode.swift; path = FavouritesContract.swift; sourceTree = "<group>"; };
		B17014892DD7F497000306F9 /* FavouritesInteractor.swift */ = {isa = PBXFileReference; lastKnownFileType = sourcecode.swift; path = FavouritesInteractor.swift; sourceTree = "<group>"; };
		B170148B2DD7F497000306F9 /* FavouritesPresenter.swift */ = {isa = PBXFileReference; lastKnownFileType = sourcecode.swift; path = FavouritesPresenter.swift; sourceTree = "<group>"; };
		B170148D2DD7F497000306F9 /* FavouritesRouter.swift */ = {isa = PBXFileReference; lastKnownFileType = sourcecode.swift; path = FavouritesRouter.swift; sourceTree = "<group>"; };
		B17014902DD7F497000306F9 /* FavouritesViewController.swift */ = {isa = PBXFileReference; lastKnownFileType = sourcecode.swift; path = FavouritesViewController.swift; sourceTree = "<group>"; };
		B17014982DD7F49F000306F9 /* SettingsContract.swift */ = {isa = PBXFileReference; lastKnownFileType = sourcecode.swift; path = SettingsContract.swift; sourceTree = "<group>"; };
		B170149A2DD7F49F000306F9 /* SettingsInteractor.swift */ = {isa = PBXFileReference; lastKnownFileType = sourcecode.swift; path = SettingsInteractor.swift; sourceTree = "<group>"; };
		B170149C2DD7F49F000306F9 /* SettingsPresenter.swift */ = {isa = PBXFileReference; lastKnownFileType = sourcecode.swift; path = SettingsPresenter.swift; sourceTree = "<group>"; };
		B170149E2DD7F49F000306F9 /* SettingsRouter.swift */ = {isa = PBXFileReference; lastKnownFileType = sourcecode.swift; path = SettingsRouter.swift; sourceTree = "<group>"; };
		B17014A12DD7F49F000306F9 /* SettingsViewController.swift */ = {isa = PBXFileReference; lastKnownFileType = sourcecode.swift; path = SettingsViewController.swift; sourceTree = "<group>"; };
		B17014A92DD7F4A6000306F9 /* HomeContract.swift */ = {isa = PBXFileReference; lastKnownFileType = sourcecode.swift; path = HomeContract.swift; sourceTree = "<group>"; };
		B17014AB2DD7F4A6000306F9 /* HomeInteractor.swift */ = {isa = PBXFileReference; lastKnownFileType = sourcecode.swift; path = HomeInteractor.swift; sourceTree = "<group>"; };
		B17014AD2DD7F4A6000306F9 /* HomePresenter.swift */ = {isa = PBXFileReference; lastKnownFileType = sourcecode.swift; path = HomePresenter.swift; sourceTree = "<group>"; };
		B17014AF2DD7F4A6000306F9 /* HomeRouter.swift */ = {isa = PBXFileReference; lastKnownFileType = sourcecode.swift; path = HomeRouter.swift; sourceTree = "<group>"; };
		B17014B22DD7F4A6000306F9 /* HomeViewController.swift */ = {isa = PBXFileReference; lastKnownFileType = sourcecode.swift; path = HomeViewController.swift; sourceTree = "<group>"; };
		B17014BB2DD801FB000306F9 /* SettingsTableViewCell.swift */ = {isa = PBXFileReference; lastKnownFileType = sourcecode.swift; path = SettingsTableViewCell.swift; sourceTree = "<group>"; };
		B1CB346B2DD8CCC8008B9210 /* GoogleMapsManager.swift */ = {isa = PBXFileReference; lastKnownFileType = sourcecode.swift; path = GoogleMapsManager.swift; sourceTree = "<group>"; };
		B1CB346D2DD8CF08008B9210 /* LocationManager.swift */ = {isa = PBXFileReference; lastKnownFileType = sourcecode.swift; path = LocationManager.swift; sourceTree = "<group>"; };
		B1CB34702DD8D07F008B9210 /* dark_map_style.json */ = {isa = PBXFileReference; lastKnownFileType = text.json; path = dark_map_style.json; sourceTree = "<group>"; };
		B1CB34752DD8FCC6008B9210 /* HomeEndpoints.swift */ = {isa = PBXFileReference; lastKnownFileType = sourcecode.swift; path = HomeEndpoints.swift; sourceTree = "<group>"; };
		B1CB34772DD8FCD2008B9210 /* HomeFetcher.swift */ = {isa = PBXFileReference; lastKnownFileType = sourcecode.swift; path = HomeFetcher.swift; sourceTree = "<group>"; };
		B1CB34792DD8FCDA008B9210 /* HomeWorker.swift */ = {isa = PBXFileReference; lastKnownFileType = sourcecode.swift; path = HomeWorker.swift; sourceTree = "<group>"; };
		B1CB347B2DD8FCE2008B9210 /* HomeMethods.swift */ = {isa = PBXFileReference; lastKnownFileType = sourcecode.swift; path = HomeMethods.swift; sourceTree = "<group>"; };
		B1CB347D2DD8FF7C008B9210 /* NearbySearchRequestModel.swift */ = {isa = PBXFileReference; lastKnownFileType = sourcecode.swift; path = NearbySearchRequestModel.swift; sourceTree = "<group>"; };
		B1CB347F2DD90048008B9210 /* NearbyPlaceEntity.swift */ = {isa = PBXFileReference; lastKnownFileType = sourcecode.swift; path = NearbyPlaceEntity.swift; sourceTree = "<group>"; };
		B1CB34822DD93674008B9210 /* StationDetailEndpoints.swift */ = {isa = PBXFileReference; lastKnownFileType = sourcecode.swift; path = StationDetailEndpoints.swift; sourceTree = "<group>"; };
		B1CB34842DD93684008B9210 /* StationDetailFetcher.swift */ = {isa = PBXFileReference; lastKnownFileType = sourcecode.swift; path = StationDetailFetcher.swift; sourceTree = "<group>"; };
		B1CB34862DD9368D008B9210 /* StationDetailWorker.swift */ = {isa = PBXFileReference; lastKnownFileType = sourcecode.swift; path = StationDetailWorker.swift; sourceTree = "<group>"; };
		B1CB34882DD93696008B9210 /* StationDetailMethods.swift */ = {isa = PBXFileReference; lastKnownFileType = sourcecode.swift; path = StationDetailMethods.swift; sourceTree = "<group>"; };
		B1CB348A2DD9370F008B9210 /* PlaceDetailRequestModel.swift */ = {isa = PBXFileReference; lastKnownFileType = sourcecode.swift; path = PlaceDetailRequestModel.swift; sourceTree = "<group>"; };
		B1CB348C2DD9373C008B9210 /* PlaceDetailEntity.swift */ = {isa = PBXFileReference; lastKnownFileType = sourcecode.swift; path = PlaceDetailEntity.swift; sourceTree = "<group>"; };
		B1CB348F2DD941D2008B9210 /* StationDetailContract.swift */ = {isa = PBXFileReference; lastKnownFileType = sourcecode.swift; path = StationDetailContract.swift; sourceTree = "<group>"; };
		B1CB34912DD941D2008B9210 /* StationDetailInteractor.swift */ = {isa = PBXFileReference; lastKnownFileType = sourcecode.swift; path = StationDetailInteractor.swift; sourceTree = "<group>"; };
		B1CB34932DD941D2008B9210 /* StationDetailPresenter.swift */ = {isa = PBXFileReference; lastKnownFileType = sourcecode.swift; path = StationDetailPresenter.swift; sourceTree = "<group>"; };
		B1CB34952DD941D2008B9210 /* StationDetailRouter.swift */ = {isa = PBXFileReference; lastKnownFileType = sourcecode.swift; path = StationDetailRouter.swift; sourceTree = "<group>"; };
		B1CB34982DD941D2008B9210 /* StationDetailViewController.swift */ = {isa = PBXFileReference; lastKnownFileType = sourcecode.swift; path = StationDetailViewController.swift; sourceTree = "<group>"; };
		B1F337962DD452BD00BFE14A /* StationSelectionContract.swift */ = {isa = PBXFileReference; lastKnownFileType = sourcecode.swift; path = StationSelectionContract.swift; sourceTree = "<group>"; };
		B1F337982DD452BD00BFE14A /* StationSelectionInteractor.swift */ = {isa = PBXFileReference; lastKnownFileType = sourcecode.swift; path = StationSelectionInteractor.swift; sourceTree = "<group>"; };
		B1F3379A2DD452BD00BFE14A /* StationSelectionPresenter.swift */ = {isa = PBXFileReference; lastKnownFileType = sourcecode.swift; path = StationSelectionPresenter.swift; sourceTree = "<group>"; };
		B1F3379C2DD452BD00BFE14A /* StationSelectionRouter.swift */ = {isa = PBXFileReference; lastKnownFileType = sourcecode.swift; path = StationSelectionRouter.swift; sourceTree = "<group>"; };
		B1F3379F2DD452BD00BFE14A /* StationSelectionViewController.swift */ = {isa = PBXFileReference; lastKnownFileType = sourcecode.swift; path = StationSelectionViewController.swift; sourceTree = "<group>"; };
		C03B4EC667D8360B58ABA1C9 /* Pods-GasGo.debug.xcconfig */ = {isa = PBXFileReference; includeInIndex = 1; lastKnownFileType = text.xcconfig; name = "Pods-GasGo.debug.xcconfig"; path = "Target Support Files/Pods-GasGo/Pods-GasGo.debug.xcconfig"; sourceTree = "<group>"; };
		EFAF9D3E66CFF703E730B637 /* Pods_GasGo.framework */ = {isa = PBXFileReference; explicitFileType = wrapper.framework; includeInIndex = 0; path = Pods_GasGo.framework; sourceTree = BUILT_PRODUCTS_DIR; };
/* End PBXFileReference section */

/* Begin PBXFrameworksBuildPhase section */
		957D4C332D8E2F7B00971433 /* Frameworks */ = {
			isa = PBXFrameworksBuildPhase;
			buildActionMask = 2147483647;
			files = (
				1168F83C686F53A8C887D3B2 /* Pods_GasGo.framework in Frameworks */,
			);
			runOnlyForDeploymentPostprocessing = 0;
		};
/* End PBXFrameworksBuildPhase section */

/* Begin PBXGroup section */
		4FE812E61AB494C76B4F747F /* Pods */ = {
			isa = PBXGroup;
			children = (
				C03B4EC667D8360B58ABA1C9 /* Pods-GasGo.debug.xcconfig */,
				38CB710A982A01D7D0680197 /* Pods-GasGo.release.xcconfig */,
			);
			path = Pods;
			sourceTree = "<group>";
		};
		957D4C2D2D8E2F7B00971433 = {
			isa = PBXGroup;
			children = (
				B103738E2DE0041400360C22 /* Core Data */,
				957D4C572D8E2F8300971433 /* GasGo */,
				957D4C372D8E2F7B00971433 /* Products */,
				4FE812E61AB494C76B4F747F /* Pods */,
				E10FC03925E6B088008C567C /* Frameworks */,
			);
			sourceTree = "<group>";
		};
		957D4C372D8E2F7B00971433 /* Products */ = {
			isa = PBXGroup;
			children = (
				957D4C362D8E2F7B00971433 /* GasGo.app */,
			);
			name = Products;
			sourceTree = "<group>";
		};
		957D4C572D8E2F8300971433 /* GasGo */ = {
			isa = PBXGroup;
			children = (
				B1436E102DD11592009BCE9E /* Config */,
				B14C8F2B2DC236E10066E20A /* Network */,
				957D4C4E2D8E2F8300971433 /* AppDelegate.swift */,
				957D4C502D8E2F8300971433 /* Info.plist */,
				B1CB346A2DD8CC1A008B9210 /* Managers */,
				B14EACA12DDAA2B800F8F568 /* Extensions */,
				B14EACA42DDAABD500F8F568 /* Views */,
				957D4C6F2D8E31C100971433 /* Modules */,
				957D4C5F2D8E302A00971433 /* Resources */,
			);
			path = GasGo;
			sourceTree = "<group>";
		};
		957D4C5F2D8E302A00971433 /* Resources */ = {
			isa = PBXGroup;
			children = (
				B1CB346F2DD8D074008B9210 /* MapStyles */,
				B1436E202DD115C5009BCE9E /* Fonts */,
				B1436E242DD115C5009BCE9E /* Lootie */,
				957D4C4F2D8E2F8300971433 /* Assets.xcassets */,
				957D4C522D8E2F8300971433 /* LaunchScreen.storyboard */,
			);
			path = Resources;
			sourceTree = "<group>";
		};
		957D4C6F2D8E31C100971433 /* Modules */ = {
			isa = PBXGroup;
			children = (
				B1CB348E2DD941BF008B9210 /* Station Detail */,
				B17014832DD7F46E000306F9 /* Tabs */,
				B1F337952DD452AA00BFE14A /* Station Selection */,
				957D4C702D8E31CF00971433 /* Launch */,
				B1436DF82DD103A0009BCE9E /* Onboarding */,
				957D4C792D8E322700971433 /* Base */,
			);
			path = Modules;
			sourceTree = "<group>";
		};
		957D4C702D8E31CF00971433 /* Launch */ = {
			isa = PBXGroup;
			children = (
				957D4C722D8E31DC00971433 /* Contract */,
				957D4C712D8E31D600971433 /* View */,
				957D4C732D8E31E100971433 /* Interactor */,
				957D4C742D8E31E600971433 /* Presenter */,
				957D4C752D8E31EA00971433 /* Router */,
			);
			path = Launch;
			sourceTree = "<group>";
		};
		957D4C712D8E31D600971433 /* View */ = {
			isa = PBXGroup;
			children = (
				957D4C602D8E304A00971433 /* Launch.storyboard */,
				957D4C652D8E304A00971433 /* LaunchViewController.swift */,
			);
			path = View;
			sourceTree = "<group>";
		};
		957D4C722D8E31DC00971433 /* Contract */ = {
			isa = PBXGroup;
			children = (
				957D4C612D8E304A00971433 /* LaunchContract.swift */,
			);
			path = Contract;
			sourceTree = "<group>";
		};
		957D4C732D8E31E100971433 /* Interactor */ = {
			isa = PBXGroup;
			children = (
				957D4C622D8E304A00971433 /* LaunchInteractor.swift */,
			);
			path = Interactor;
			sourceTree = "<group>";
		};
		957D4C742D8E31E600971433 /* Presenter */ = {
			isa = PBXGroup;
			children = (
				957D4C632D8E304A00971433 /* LaunchPresenter.swift */,
			);
			path = Presenter;
			sourceTree = "<group>";
		};
		957D4C752D8E31EA00971433 /* Router */ = {
			isa = PBXGroup;
			children = (
				957D4C642D8E304A00971433 /* LaunchRouter.swift */,
			);
			path = Router;
			sourceTree = "<group>";
		};
		957D4C792D8E322700971433 /* Base */ = {
			isa = PBXGroup;
			children = (
				B17014812DD7F429000306F9 /* MainTabBarController.swift */,
				957D4C762D8E322700971433 /* BaseInteractor.swift */,
				957D4C772D8E322700971433 /* BaseView.swift */,
				957D4C782D8E322700971433 /* BaseViewController.swift */,
			);
			path = Base;
			sourceTree = "<group>";
		};
		B103737D2DDFF00100360C22 /* Directions */ = {
			isa = PBXGroup;
			children = (
				B103737E2DDFF01900360C22 /* DirectionsEndpoints.swift */,
				B10373802DDFF02900360C22 /* DirectionsFetcher.swift */,
				B10373822DDFF03100360C22 /* DirectionsWorker.swift */,
				B10373842DDFF03D00360C22 /* DirectionsMethods.swift */,
			);
			path = Directions;
			sourceTree = "<group>";
		};
		B103738E2DE0041400360C22 /* Core Data */ = {
			isa = PBXGroup;
			children = (
				B103738B2DE002BC00360C22 /* Favorites.xcdatamodeld */,
				B103738F2DE0042700360C22 /* CoreDataStack.swift */,
				B103739D2DE0109900360C22 /* FavouriteStation.swift */,
			);
			path = "Core Data";
			sourceTree = "<group>";
		};
		B103739A2DE008D300360C22 /* Cell */ = {
			isa = PBXGroup;
			children = (
				B103739B2DE008DC00360C22 /* FavouritesTableViewCell.swift */,
			);
			path = Cell;
			sourceTree = "<group>";
		};
		B111A3DA2DDA71C10058711F /* View */ = {
			isa = PBXGroup;
			children = (
				B111A3DC2DDA71DC0058711F /* HomeBottomView.swift */,
			);
			path = View;
			sourceTree = "<group>";
		};
		B111A3DB2DDA71C80058711F /* Cell */ = {
			isa = PBXGroup;
			children = (
				B111A3DE2DDA74520058711F /* StationCardCollectionViewCell.swift */,
			);
			path = Cell;
			sourceTree = "<group>";
		};
		B11854152DDE34FD00B85086 /* Cell */ = {
			isa = PBXGroup;
			children = (
				B11854162DDE351500B85086 /* StationDetailCollectionViewCell.swift */,
			);
			path = Cell;
			sourceTree = "<group>";
		};
		B1436DF82DD103A0009BCE9E /* Onboarding */ = {
			isa = PBXGroup;
			children = (
				B1436DFB2DD103D1009BCE9E /* Contract */,
				B1436DFD2DD103D1009BCE9E /* Interactor */,
				B1436DFF2DD103D1009BCE9E /* Presenter */,
				B1436E012DD103D1009BCE9E /* Router */,
				B1436E042DD103D1009BCE9E /* View */,
			);
			path = Onboarding;
			sourceTree = "<group>";
		};
		B1436DFB2DD103D1009BCE9E /* Contract */ = {
			isa = PBXGroup;
			children = (
				B1436DFA2DD103D1009BCE9E /* OnboardingContract.swift */,
			);
			path = Contract;
			sourceTree = "<group>";
		};
		B1436DFD2DD103D1009BCE9E /* Interactor */ = {
			isa = PBXGroup;
			children = (
				B1436DFC2DD103D1009BCE9E /* OnboardingInteractor.swift */,
			);
			path = Interactor;
			sourceTree = "<group>";
		};
		B1436DFF2DD103D1009BCE9E /* Presenter */ = {
			isa = PBXGroup;
			children = (
				B1436DFE2DD103D1009BCE9E /* OnboardingPresenter.swift */,
			);
			path = Presenter;
			sourceTree = "<group>";
		};
		B1436E012DD103D1009BCE9E /* Router */ = {
			isa = PBXGroup;
			children = (
				B1436E002DD103D1009BCE9E /* OnboardingRouter.swift */,
			);
			path = Router;
			sourceTree = "<group>";
		};
		B1436E042DD103D1009BCE9E /* View */ = {
			isa = PBXGroup;
			children = (
				B1436E0D2DD11394009BCE9E /* Cell */,
				B1436E032DD103D1009BCE9E /* OnboardingViewController.swift */,
			);
			path = View;
			sourceTree = "<group>";
		};
		B1436E0D2DD11394009BCE9E /* Cell */ = {
			isa = PBXGroup;
			children = (
				B1436E0E2DD113B2009BCE9E /* OnboardingCollectionViewCell.swift */,
			);
			path = Cell;
			sourceTree = "<group>";
		};
		B1436E102DD11592009BCE9E /* Config */ = {
			isa = PBXGroup;
			children = (
				B1436E152DD115B5009BCE9E /* Config.swift */,
				B1436E132DD115AC009BCE9E /* Styles.swift */,
				B1436E112DD11598009BCE9E /* Enums.swift */,
				B14C8F552DC2379A0066E20A /* Keychain */,
			);
			path = Config;
			sourceTree = "<group>";
		};
		B1436E202DD115C5009BCE9E /* Fonts */ = {
			isa = PBXGroup;
			children = (
				B1436E172DD115C5009BCE9E /* Outfit-Black.ttf */,
				B1436E182DD115C5009BCE9E /* Outfit-Bold.ttf */,
				B1436E192DD115C5009BCE9E /* Outfit-ExtraBold.ttf */,
				B1436E1A2DD115C5009BCE9E /* Outfit-ExtraLight.ttf */,
				B1436E1B2DD115C5009BCE9E /* Outfit-Light.ttf */,
				B1436E1C2DD115C5009BCE9E /* Outfit-Medium.ttf */,
				B1436E1D2DD115C5009BCE9E /* Outfit-Regular.ttf */,
				B1436E1E2DD115C5009BCE9E /* Outfit-SemiBold.ttf */,
				B1436E1F2DD115C5009BCE9E /* Outfit-Thin.ttf */,
			);
			path = Fonts;
			sourceTree = "<group>";
		};
		B1436E242DD115C5009BCE9E /* Lootie */ = {
			isa = PBXGroup;
			children = (
				B1436E212DD115C5009BCE9E /* Animation1.json */,
				B1436E222DD115C5009BCE9E /* Animation2.json */,
				B1436E232DD115C5009BCE9E /* Animation3.json */,
			);
			path = Lootie;
			sourceTree = "<group>";
		};
		B14C8F2B2DC236E10066E20A /* Network */ = {
			isa = PBXGroup;
			children = (
				B103737D2DDFF00100360C22 /* Directions */,
				B1CB34812DD93663008B9210 /* Station Detail */,
				B1CB34722DD8FC49008B9210 /* Home */,
				B14C8F5D2DC237CC0066E20A /* Entities */,
				B14C8F5C2DC237B20066E20A /* RequestModels */,
				B14C8F332DC2370B0066E20A /* Core */,
				B14C8F342DC2370B0066E20A /* ErrorModel.swift */,
				B14C8F352DC2370B0066E20A /* MethodDecoder.swift */,
				B14C8F362DC2370B0066E20A /* Remote.swift */,
			);
			path = Network;
			sourceTree = "<group>";
		};
		B14C8F332DC2370B0066E20A /* Core */ = {
			isa = PBXGroup;
			children = (
				B14C8F2C2DC2370B0066E20A /* RemoteDecoder.swift */,
				B14C8F2D2DC2370B0066E20A /* RemoteEncoder.swift */,
				B14C8F2E2DC2370B0066E20A /* RemoteEndpoint.swift */,
				B14C8F2F2DC2370B0066E20A /* RemoteEntities.swift */,
				B14C8F302DC2370B0066E20A /* RemoteRequest.swift */,
				B14C8F312DC2370B0066E20A /* URLQueryEncoder.swift */,
				B14C8F322DC2370B0066E20A /* URLSessionProtocol.swift */,
			);
			path = Core;
			sourceTree = "<group>";
		};
		B14C8F552DC2379A0066E20A /* Keychain */ = {
			isa = PBXGroup;
			children = (
				B14C8F4F2DC2379A0066E20A /* KeychainItemAccessibility.swift */,
				B14C8F502DC2379A0066E20A /* KeychainKey.swift */,
				B14C8F512DC2379A0066E20A /* KeychainSecurityConstants.swift */,
				B14C8F522DC2379A0066E20A /* KeychainSharedConstants.swift */,
				B14C8F532DC2379A0066E20A /* KeychainStandardConstants.swift */,
				B14C8F542DC2379A0066E20A /* KeychainWrapper.swift */,
			);
			path = Keychain;
			sourceTree = "<group>";
		};
		B14C8F5C2DC237B20066E20A /* RequestModels */ = {
			isa = PBXGroup;
			children = (
				B1CB347D2DD8FF7C008B9210 /* NearbySearchRequestModel.swift */,
				B1CB348A2DD9370F008B9210 /* PlaceDetailRequestModel.swift */,
				B14EAC942DDAA16E00F8F568 /* DirectionsRequestModel.swift */,
			);
			path = RequestModels;
			sourceTree = "<group>";
		};
		B14C8F5D2DC237CC0066E20A /* Entities */ = {
			isa = PBXGroup;
			children = (
				B1CB347F2DD90048008B9210 /* NearbyPlaceEntity.swift */,
				B1CB348C2DD9373C008B9210 /* PlaceDetailEntity.swift */,
				B14EAC922DDAA10F00F8F568 /* StationNavigationInfo.swift */,
				B10373862DDFF78500360C22 /* DirectionsEntity.swift */,
			);
			path = Entities;
			sourceTree = "<group>";
		};
		B14EACA12DDAA2B800F8F568 /* Extensions */ = {
			isa = PBXGroup;
			children = (
				B14EAC9C2DDAA2AF00F8F568 /* UIViewExtension.swift */,
				B14EAC9D2DDAA2AF00F8F568 /* SnappingFlowLayout.swift */,
				B14EACA22DDAA2D600F8F568 /* CLLocationCoordinate2DExtension.swift */,
			);
			path = Extensions;
			sourceTree = "<group>";
		};
		B14EACA42DDAABD500F8F568 /* Views */ = {
			isa = PBXGroup;
			children = (
				B14EACA52DDAABEF00F8F568 /* MarkerFactory.swift */,
			);
			path = Views;
			sourceTree = "<group>";
		};
		B17014832DD7F46E000306F9 /* Tabs */ = {
			isa = PBXGroup;
			children = (
				B17014862DD7F47E000306F9 /* Favourites */,
				B17014852DD7F479000306F9 /* Settings */,
				B17014842DD7F472000306F9 /* Home */,
			);
			path = Tabs;
			sourceTree = "<group>";
		};
		B17014842DD7F472000306F9 /* Home */ = {
			isa = PBXGroup;
			children = (
				B17014AA2DD7F4A6000306F9 /* Contract */,
				B17014AC2DD7F4A6000306F9 /* Interactor */,
				B17014AE2DD7F4A6000306F9 /* Presenter */,
				B17014B02DD7F4A6000306F9 /* Router */,
				B17014B32DD7F4A6000306F9 /* View */,
			);
			path = Home;
			sourceTree = "<group>";
		};
		B17014852DD7F479000306F9 /* Settings */ = {
			isa = PBXGroup;
			children = (
				B17014992DD7F49F000306F9 /* Contract */,
				B170149B2DD7F49F000306F9 /* Interactor */,
				B170149D2DD7F49F000306F9 /* Presenter */,
				B170149F2DD7F49F000306F9 /* Router */,
				B17014A22DD7F49F000306F9 /* View */,
			);
			path = Settings;
			sourceTree = "<group>";
		};
		B17014862DD7F47E000306F9 /* Favourites */ = {
			isa = PBXGroup;
			children = (
				B17014882DD7F497000306F9 /* Contract */,
				B170148A2DD7F497000306F9 /* Interactor */,
				B170148C2DD7F497000306F9 /* Presenter */,
				B170148E2DD7F497000306F9 /* Router */,
				B17014912DD7F497000306F9 /* View */,
			);
			path = Favourites;
			sourceTree = "<group>";
		};
		B17014882DD7F497000306F9 /* Contract */ = {
			isa = PBXGroup;
			children = (
				B17014872DD7F497000306F9 /* FavouritesContract.swift */,
			);
			path = Contract;
			sourceTree = "<group>";
		};
		B170148A2DD7F497000306F9 /* Interactor */ = {
			isa = PBXGroup;
			children = (
				B17014892DD7F497000306F9 /* FavouritesInteractor.swift */,
			);
			path = Interactor;
			sourceTree = "<group>";
		};
		B170148C2DD7F497000306F9 /* Presenter */ = {
			isa = PBXGroup;
			children = (
				B170148B2DD7F497000306F9 /* FavouritesPresenter.swift */,
			);
			path = Presenter;
			sourceTree = "<group>";
		};
		B170148E2DD7F497000306F9 /* Router */ = {
			isa = PBXGroup;
			children = (
				B170148D2DD7F497000306F9 /* FavouritesRouter.swift */,
			);
			path = Router;
			sourceTree = "<group>";
		};
		B17014912DD7F497000306F9 /* View */ = {
			isa = PBXGroup;
			children = (
				B103739A2DE008D300360C22 /* Cell */,
				B17014902DD7F497000306F9 /* FavouritesViewController.swift */,
			);
			path = View;
			sourceTree = "<group>";
		};
		B17014992DD7F49F000306F9 /* Contract */ = {
			isa = PBXGroup;
			children = (
				B17014982DD7F49F000306F9 /* SettingsContract.swift */,
			);
			path = Contract;
			sourceTree = "<group>";
		};
		B170149B2DD7F49F000306F9 /* Interactor */ = {
			isa = PBXGroup;
			children = (
				B170149A2DD7F49F000306F9 /* SettingsInteractor.swift */,
			);
			path = Interactor;
			sourceTree = "<group>";
		};
		B170149D2DD7F49F000306F9 /* Presenter */ = {
			isa = PBXGroup;
			children = (
				B170149C2DD7F49F000306F9 /* SettingsPresenter.swift */,
			);
			path = Presenter;
			sourceTree = "<group>";
		};
		B170149F2DD7F49F000306F9 /* Router */ = {
			isa = PBXGroup;
			children = (
				B170149E2DD7F49F000306F9 /* SettingsRouter.swift */,
			);
			path = Router;
			sourceTree = "<group>";
		};
		B17014A22DD7F49F000306F9 /* View */ = {
			isa = PBXGroup;
			children = (
				B17014BA2DD801E3000306F9 /* Cell */,
				B17014A12DD7F49F000306F9 /* SettingsViewController.swift */,
			);
			path = View;
			sourceTree = "<group>";
		};
		B17014AA2DD7F4A6000306F9 /* Contract */ = {
			isa = PBXGroup;
			children = (
				B17014A92DD7F4A6000306F9 /* HomeContract.swift */,
			);
			path = Contract;
			sourceTree = "<group>";
		};
		B17014AC2DD7F4A6000306F9 /* Interactor */ = {
			isa = PBXGroup;
			children = (
				B17014AB2DD7F4A6000306F9 /* HomeInteractor.swift */,
			);
			path = Interactor;
			sourceTree = "<group>";
		};
		B17014AE2DD7F4A6000306F9 /* Presenter */ = {
			isa = PBXGroup;
			children = (
				B17014AD2DD7F4A6000306F9 /* HomePresenter.swift */,
			);
			path = Presenter;
			sourceTree = "<group>";
		};
		B17014B02DD7F4A6000306F9 /* Router */ = {
			isa = PBXGroup;
			children = (
				B17014AF2DD7F4A6000306F9 /* HomeRouter.swift */,
			);
			path = Router;
			sourceTree = "<group>";
		};
		B17014B32DD7F4A6000306F9 /* View */ = {
			isa = PBXGroup;
			children = (
				B111A3DB2DDA71C80058711F /* Cell */,
				B111A3DA2DDA71C10058711F /* View */,
				B17014B22DD7F4A6000306F9 /* HomeViewController.swift */,
			);
			path = View;
			sourceTree = "<group>";
		};
		B17014BA2DD801E3000306F9 /* Cell */ = {
			isa = PBXGroup;
			children = (
				B17014BB2DD801FB000306F9 /* SettingsTableViewCell.swift */,
			);
			path = Cell;
			sourceTree = "<group>";
		};
		B1CB346A2DD8CC1A008B9210 /* Managers */ = {
			isa = PBXGroup;
			children = (
				B1CB346B2DD8CCC8008B9210 /* GoogleMapsManager.swift */,
				B1CB346D2DD8CF08008B9210 /* LocationManager.swift */,
				B10373892DE0021000360C22 /* FavoritesManager.swift */,
				B103739F2DE0121F00360C22 /* NetworkManager.swift */,
			);
			path = Managers;
			sourceTree = "<group>";
		};
		B1CB346F2DD8D074008B9210 /* MapStyles */ = {
			isa = PBXGroup;
			children = (
				B1CB34702DD8D07F008B9210 /* dark_map_style.json */,
			);
			path = MapStyles;
			sourceTree = "<group>";
		};
		B1CB34722DD8FC49008B9210 /* Home */ = {
			isa = PBXGroup;
			children = (
				B1CB34752DD8FCC6008B9210 /* HomeEndpoints.swift */,
				B1CB34772DD8FCD2008B9210 /* HomeFetcher.swift */,
				B1CB34792DD8FCDA008B9210 /* HomeWorker.swift */,
				B1CB347B2DD8FCE2008B9210 /* HomeMethods.swift */,
			);
			path = Home;
			sourceTree = "<group>";
		};
		B1CB34812DD93663008B9210 /* Station Detail */ = {
			isa = PBXGroup;
			children = (
				B1CB34822DD93674008B9210 /* StationDetailEndpoints.swift */,
				B1CB34842DD93684008B9210 /* StationDetailFetcher.swift */,
				B1CB34862DD9368D008B9210 /* StationDetailWorker.swift */,
				B1CB34882DD93696008B9210 /* StationDetailMethods.swift */,
			);
			path = "Station Detail";
			sourceTree = "<group>";
		};
		B1CB348E2DD941BF008B9210 /* Station Detail */ = {
			isa = PBXGroup;
			children = (
				B1CB34902DD941D2008B9210 /* Contract */,
				B1CB34922DD941D2008B9210 /* Interactor */,
				B1CB34942DD941D2008B9210 /* Presenter */,
				B1CB34962DD941D2008B9210 /* Router */,
				B1CB34992DD941D2008B9210 /* View */,
			);
			path = "Station Detail";
			sourceTree = "<group>";
		};
		B1CB34902DD941D2008B9210 /* Contract */ = {
			isa = PBXGroup;
			children = (
				B1CB348F2DD941D2008B9210 /* StationDetailContract.swift */,
			);
			path = Contract;
			sourceTree = "<group>";
		};
		B1CB34922DD941D2008B9210 /* Interactor */ = {
			isa = PBXGroup;
			children = (
				B1CB34912DD941D2008B9210 /* StationDetailInteractor.swift */,
			);
			path = Interactor;
			sourceTree = "<group>";
		};
		B1CB34942DD941D2008B9210 /* Presenter */ = {
			isa = PBXGroup;
			children = (
				B1CB34932DD941D2008B9210 /* StationDetailPresenter.swift */,
			);
			path = Presenter;
			sourceTree = "<group>";
		};
		B1CB34962DD941D2008B9210 /* Router */ = {
			isa = PBXGroup;
			children = (
				B1CB34952DD941D2008B9210 /* StationDetailRouter.swift */,
			);
			path = Router;
			sourceTree = "<group>";
		};
		B1CB34992DD941D2008B9210 /* View */ = {
			isa = PBXGroup;
			children = (
				B11854152DDE34FD00B85086 /* Cell */,
				B1CB34982DD941D2008B9210 /* StationDetailViewController.swift */,
			);
			path = View;
			sourceTree = "<group>";
		};
		B1F337952DD452AA00BFE14A /* Station Selection */ = {
			isa = PBXGroup;
			children = (
				B1F337972DD452BD00BFE14A /* Contract */,
				B1F337992DD452BD00BFE14A /* Interactor */,
				B1F3379B2DD452BD00BFE14A /* Presenter */,
				B1F3379D2DD452BD00BFE14A /* Router */,
				B1F337A02DD452BD00BFE14A /* View */,
			);
			path = "Station Selection";
			sourceTree = "<group>";
		};
		B1F337972DD452BD00BFE14A /* Contract */ = {
			isa = PBXGroup;
			children = (
				B1F337962DD452BD00BFE14A /* StationSelectionContract.swift */,
			);
			path = Contract;
			sourceTree = "<group>";
		};
		B1F337992DD452BD00BFE14A /* Interactor */ = {
			isa = PBXGroup;
			children = (
				B1F337982DD452BD00BFE14A /* StationSelectionInteractor.swift */,
			);
			path = Interactor;
			sourceTree = "<group>";
		};
		B1F3379B2DD452BD00BFE14A /* Presenter */ = {
			isa = PBXGroup;
			children = (
				B1F3379A2DD452BD00BFE14A /* StationSelectionPresenter.swift */,
			);
			path = Presenter;
			sourceTree = "<group>";
		};
		B1F3379D2DD452BD00BFE14A /* Router */ = {
			isa = PBXGroup;
			children = (
				B1F3379C2DD452BD00BFE14A /* StationSelectionRouter.swift */,
			);
			path = Router;
			sourceTree = "<group>";
		};
		B1F337A02DD452BD00BFE14A /* View */ = {
			isa = PBXGroup;
			children = (
				B1F3379F2DD452BD00BFE14A /* StationSelectionViewController.swift */,
			);
			path = View;
			sourceTree = "<group>";
		};
		E10FC03925E6B088008C567C /* Frameworks */ = {
			isa = PBXGroup;
			children = (
				EFAF9D3E66CFF703E730B637 /* Pods_GasGo.framework */,
			);
			name = Frameworks;
			sourceTree = "<group>";
		};
/* End PBXGroup section */

/* Begin PBXNativeTarget section */
		957D4C352D8E2F7B00971433 /* GasGo */ = {
			isa = PBXNativeTarget;
			buildConfigurationList = 957D4C492D8E2F7D00971433 /* Build configuration list for PBXNativeTarget "GasGo" */;
			buildPhases = (
				67D64E2A146B9908492A8D85 /* [CP] Check Pods Manifest.lock */,
				957D4C322D8E2F7B00971433 /* Sources */,
				957D4C332D8E2F7B00971433 /* Frameworks */,
				957D4C342D8E2F7B00971433 /* Resources */,
				26F4AA34827F326B54C40CFA /* [CP] Embed Pods Frameworks */,
				582ED4D9E74CF78B429F19F1 /* [CP] Copy Pods Resources */,
			);
			buildRules = (
			);
			dependencies = (
			);
			name = GasGo;
			productName = GasGo;
			productReference = 957D4C362D8E2F7B00971433 /* GasGo.app */;
			productType = "com.apple.product-type.application";
		};
/* End PBXNativeTarget section */

/* Begin PBXProject section */
		957D4C2E2D8E2F7B00971433 /* Project object */ = {
			isa = PBXProject;
			attributes = {
				BuildIndependentTargetsInParallel = 1;
				LastSwiftUpdateCheck = 1620;
				LastUpgradeCheck = 1620;
				TargetAttributes = {
					957D4C352D8E2F7B00971433 = {
						CreatedOnToolsVersion = 16.2;
					};
				};
			};
			buildConfigurationList = 957D4C312D8E2F7B00971433 /* Build configuration list for PBXProject "GasGo" */;
			developmentRegion = en;
			hasScannedForEncodings = 0;
			knownRegions = (
				en,
				Base,
			);
			mainGroup = 957D4C2D2D8E2F7B00971433;
			minimizedProjectReferenceProxies = 1;
			preferredProjectObjectVersion = 77;
			productRefGroup = 957D4C372D8E2F7B00971433 /* Products */;
			projectDirPath = "";
			projectRoot = "";
			targets = (
				957D4C352D8E2F7B00971433 /* GasGo */,
			);
		};
/* End PBXProject section */

/* Begin PBXResourcesBuildPhase section */
		957D4C342D8E2F7B00971433 /* Resources */ = {
			isa = PBXResourcesBuildPhase;
			buildActionMask = 2147483647;
			files = (
				B1436E252DD115C5009BCE9E /* Outfit-Light.ttf in Resources */,
				B1436E262DD115C5009BCE9E /* Animation3.json in Resources */,
				B1436E272DD115C5009BCE9E /* Outfit-Medium.ttf in Resources */,
				B1436E282DD115C5009BCE9E /* Outfit-Bold.ttf in Resources */,
				B1436E292DD115C5009BCE9E /* Outfit-Black.ttf in Resources */,
				B1436E2A2DD115C5009BCE9E /* Outfit-ExtraBold.ttf in Resources */,
				B1436E2B2DD115C5009BCE9E /* Outfit-Regular.ttf in Resources */,
				B1436E2C2DD115C5009BCE9E /* Animation2.json in Resources */,
				B1436E2D2DD115C5009BCE9E /* Outfit-SemiBold.ttf in Resources */,
				B1436E2E2DD115C5009BCE9E /* Outfit-ExtraLight.ttf in Resources */,
				B1CB34712DD8D088008B9210 /* dark_map_style.json in Resources */,
				B1436E2F2DD115C5009BCE9E /* Outfit-Thin.ttf in Resources */,
				B1436E302DD115C5009BCE9E /* Animation1.json in Resources */,
				957D4C582D8E2F8300971433 /* Assets.xcassets in Resources */,
				957D4C5A2D8E2F8300971433 /* LaunchScreen.storyboard in Resources */,
				957D4C662D8E304A00971433 /* Launch.storyboard in Resources */,
			);
			runOnlyForDeploymentPostprocessing = 0;
		};
/* End PBXResourcesBuildPhase section */

/* Begin PBXShellScriptBuildPhase section */
		26F4AA34827F326B54C40CFA /* [CP] Embed Pods Frameworks */ = {
			isa = PBXShellScriptBuildPhase;
			buildActionMask = 2147483647;
			files = (
			);
			inputFileListPaths = (
				"${PODS_ROOT}/Target Support Files/Pods-GasGo/Pods-GasGo-frameworks-${CONFIGURATION}-input-files.xcfilelist",
			);
			inputPaths = (
			);
			name = "[CP] Embed Pods Frameworks";
			outputFileListPaths = (
				"${PODS_ROOT}/Target Support Files/Pods-GasGo/Pods-GasGo-frameworks-${CONFIGURATION}-output-files.xcfilelist",
			);
			outputPaths = (
			);
			runOnlyForDeploymentPostprocessing = 0;
			shellPath = /bin/sh;
			shellScript = "\"${PODS_ROOT}/Target Support Files/Pods-GasGo/Pods-GasGo-frameworks.sh\"\n";
			showEnvVarsInLog = 0;
		};
		582ED4D9E74CF78B429F19F1 /* [CP] Copy Pods Resources */ = {
			isa = PBXShellScriptBuildPhase;
			buildActionMask = 2147483647;
			files = (
			);
			inputFileListPaths = (
				"${PODS_ROOT}/Target Support Files/Pods-GasGo/Pods-GasGo-resources-${CONFIGURATION}-input-files.xcfilelist",
			);
			inputPaths = (
			);
			name = "[CP] Copy Pods Resources";
			outputFileListPaths = (
				"${PODS_ROOT}/Target Support Files/Pods-GasGo/Pods-GasGo-resources-${CONFIGURATION}-output-files.xcfilelist",
			);
			outputPaths = (
			);
			runOnlyForDeploymentPostprocessing = 0;
			shellPath = /bin/sh;
			shellScript = "\"${PODS_ROOT}/Target Support Files/Pods-GasGo/Pods-GasGo-resources.sh\"\n";
			showEnvVarsInLog = 0;
		};
		67D64E2A146B9908492A8D85 /* [CP] Check Pods Manifest.lock */ = {
			isa = PBXShellScriptBuildPhase;
			buildActionMask = 2147483647;
			files = (
			);
			inputFileListPaths = (
			);
			inputPaths = (
				"${PODS_PODFILE_DIR_PATH}/Podfile.lock",
				"${PODS_ROOT}/Manifest.lock",
			);
			name = "[CP] Check Pods Manifest.lock";
			outputFileListPaths = (
			);
			outputPaths = (
				"$(DERIVED_FILE_DIR)/Pods-GasGo-checkManifestLockResult.txt",
			);
			runOnlyForDeploymentPostprocessing = 0;
			shellPath = /bin/sh;
			shellScript = "diff \"${PODS_PODFILE_DIR_PATH}/Podfile.lock\" \"${PODS_ROOT}/Manifest.lock\" > /dev/null\nif [ $? != 0 ] ; then\n    # print error to STDERR\n    echo \"error: The sandbox is not in sync with the Podfile.lock. Run 'pod install' or update your CocoaPods installation.\" >&2\n    exit 1\nfi\n# This output is used by Xcode 'outputs' to avoid re-running this script phase.\necho \"SUCCESS\" > \"${SCRIPT_OUTPUT_FILE_0}\"\n";
			showEnvVarsInLog = 0;
		};
/* End PBXShellScriptBuildPhase section */

/* Begin PBXSourcesBuildPhase section */
		957D4C322D8E2F7B00971433 /* Sources */ = {
			isa = PBXSourcesBuildPhase;
			buildActionMask = 2147483647;
			files = (
				B103739E2DE0109900360C22 /* FavouriteStation.swift in Sources */,
				957D4C672D8E304A00971433 /* LaunchContract.swift in Sources */,
				957D4C7A2D8E322700971433 /* BaseView.swift in Sources */,
				B1CB34872DD9368D008B9210 /* StationDetailWorker.swift in Sources */,
				B14EAC9F2DDAA2AF00F8F568 /* UIViewExtension.swift in Sources */,
				B1CB34852DD93684008B9210 /* StationDetailFetcher.swift in Sources */,
				B1F337A12DD452BD00BFE14A /* StationSelectionContract.swift in Sources */,
				B1F337A22DD452BD00BFE14A /* StationSelectionPresenter.swift in Sources */,
				B17014BC2DD801FB000306F9 /* SettingsTableViewCell.swift in Sources */,
				B1F337A32DD452BD00BFE14A /* StationSelectionViewController.swift in Sources */,
				B1F337A42DD452BD00BFE14A /* StationSelectionRouter.swift in Sources */,
				B1F337A52DD452BD00BFE14A /* StationSelectionInteractor.swift in Sources */,
				B1CB346C2DD8CCC8008B9210 /* GoogleMapsManager.swift in Sources */,
				B1CB347E2DD8FF7C008B9210 /* NearbySearchRequestModel.swift in Sources */,
				B14C8F562DC2379A0066E20A /* KeychainSharedConstants.swift in Sources */,
				B14EAC952DDAA16E00F8F568 /* DirectionsRequestModel.swift in Sources */,
				B14C8F572DC2379A0066E20A /* KeychainSecurityConstants.swift in Sources */,
				B111A3DF2DDA74520058711F /* StationCardCollectionViewCell.swift in Sources */,
				B14C8F582DC2379A0066E20A /* KeychainItemAccessibility.swift in Sources */,
				B10373852DDFF03D00360C22 /* DirectionsMethods.swift in Sources */,
				B14C8F592DC2379A0066E20A /* KeychainKey.swift in Sources */,
				B14C8F5A2DC2379A0066E20A /* KeychainStandardConstants.swift in Sources */,
				B1436E0F2DD113B2009BCE9E /* OnboardingCollectionViewCell.swift in Sources */,
				B14C8F5B2DC2379A0066E20A /* KeychainWrapper.swift in Sources */,
				957D4C7B2D8E322700971433 /* BaseInteractor.swift in Sources */,
				B111A3DD2DDA71DC0058711F /* HomeBottomView.swift in Sources */,
				B103739C2DE008DC00360C22 /* FavouritesTableViewCell.swift in Sources */,
				B1CB34802DD90048008B9210 /* NearbyPlaceEntity.swift in Sources */,
				957D4C7C2D8E322700971433 /* BaseViewController.swift in Sources */,
				B1CB349A2DD941D2008B9210 /* StationDetailContract.swift in Sources */,
				B1CB349B2DD941D2008B9210 /* StationDetailPresenter.swift in Sources */,
				B1CB349C2DD941D2008B9210 /* StationDetailInteractor.swift in Sources */,
				B1CB349D2DD941D2008B9210 /* StationDetailRouter.swift in Sources */,
				B1CB349E2DD941D2008B9210 /* StationDetailViewController.swift in Sources */,
				B17014922DD7F497000306F9 /* FavouritesInteractor.swift in Sources */,
				B1CB348D2DD9373C008B9210 /* PlaceDetailEntity.swift in Sources */,
				B17014932DD7F497000306F9 /* FavouritesContract.swift in Sources */,
				B17014942DD7F497000306F9 /* FavouritesRouter.swift in Sources */,
				B17014952DD7F497000306F9 /* FavouritesPresenter.swift in Sources */,
				B14EAC932DDAA10F00F8F568 /* StationNavigationInfo.swift in Sources */,
				B17014962DD7F497000306F9 /* FavouritesViewController.swift in Sources */,
				B14C8F372DC2370B0066E20A /* MethodDecoder.swift in Sources */,
				B14C8F382DC2370B0066E20A /* Remote.swift in Sources */,
				B14C8F392DC2370B0066E20A /* RemoteRequest.swift in Sources */,
				B1CB34782DD8FCD2008B9210 /* HomeFetcher.swift in Sources */,
				B1CB34832DD93675008B9210 /* StationDetailEndpoints.swift in Sources */,
				B14C8F3A2DC2370B0066E20A /* ErrorModel.swift in Sources */,
				B1436E142DD115AC009BCE9E /* Styles.swift in Sources */,
				B14C8F3B2DC2370B0066E20A /* URLSessionProtocol.swift in Sources */,
				B10373902DE0042700360C22 /* CoreDataStack.swift in Sources */,
				B1436E162DD115B5009BCE9E /* Config.swift in Sources */,
				B1CB34762DD8FCC6008B9210 /* HomeEndpoints.swift in Sources */,
				B1CB34892DD93696008B9210 /* StationDetailMethods.swift in Sources */,
				B14C8F3C2DC2370B0066E20A /* RemoteDecoder.swift in Sources */,
				B1CB347A2DD8FCDA008B9210 /* HomeWorker.swift in Sources */,
				B14C8F3D2DC2370B0066E20A /* RemoteEncoder.swift in Sources */,
				B14C8F3E2DC2370B0066E20A /* RemoteEndpoint.swift in Sources */,
				B10373A02DE0121F00360C22 /* NetworkManager.swift in Sources */,
				B1436E062DD103D1009BCE9E /* OnboardingContract.swift in Sources */,
				B1436E122DD11598009BCE9E /* Enums.swift in Sources */,
				B10373872DDFF78500360C22 /* DirectionsEntity.swift in Sources */,
				B10373812DDFF02900360C22 /* DirectionsFetcher.swift in Sources */,
				B1436E072DD103D1009BCE9E /* OnboardingInteractor.swift in Sources */,
				B11854172DDE351500B85086 /* StationDetailCollectionViewCell.swift in Sources */,
				B1436E082DD103D1009BCE9E /* OnboardingRouter.swift in Sources */,
				B103738A2DE0021000360C22 /* FavoritesManager.swift in Sources */,
				B17014822DD7F429000306F9 /* MainTabBarController.swift in Sources */,
				B1436E092DD103D1009BCE9E /* OnboardingViewController.swift in Sources */,
				B1436E0A2DD103D1009BCE9E /* OnboardingPresenter.swift in Sources */,
				B103737F2DDFF01900360C22 /* DirectionsEndpoints.swift in Sources */,
				B14C8F3F2DC2370B0066E20A /* URLQueryEncoder.swift in Sources */,
				B14C8F402DC2370B0066E20A /* RemoteEntities.swift in Sources */,
				957D4C682D8E304A00971433 /* LaunchInteractor.swift in Sources */,
				B17014B42DD7F4A6000306F9 /* HomeInteractor.swift in Sources */,
				B17014B52DD7F4A6000306F9 /* HomeRouter.swift in Sources */,
				B14EACA32DDAA2D600F8F568 /* CLLocationCoordinate2DExtension.swift in Sources */,
				B10373832DDFF03100360C22 /* DirectionsWorker.swift in Sources */,
				B103738D2DE002BC00360C22 /* Favorites.xcdatamodeld in Sources */,
				B17014B62DD7F4A6000306F9 /* HomePresenter.swift in Sources */,
				B1CB347C2DD8FCE2008B9210 /* HomeMethods.swift in Sources */,
				B17014B72DD7F4A6000306F9 /* HomeViewController.swift in Sources */,
				B17014B82DD7F4A6000306F9 /* HomeContract.swift in Sources */,
				957D4C692D8E304A00971433 /* LaunchPresenter.swift in Sources */,
				957D4C6A2D8E304A00971433 /* LaunchViewController.swift in Sources */,
				B17014A32DD7F49F000306F9 /* SettingsContract.swift in Sources */,
				B17014A42DD7F49F000306F9 /* SettingsRouter.swift in Sources */,
				B17014A52DD7F49F000306F9 /* SettingsPresenter.swift in Sources */,
				B1CB346E2DD8CF08008B9210 /* LocationManager.swift in Sources */,
				B17014A62DD7F49F000306F9 /* SettingsInteractor.swift in Sources */,
				B17014A72DD7F49F000306F9 /* SettingsViewController.swift in Sources */,
				957D4C6B2D8E304A00971433 /* LaunchRouter.swift in Sources */,
				B14EACA02DDAA2AF00F8F568 /* SnappingFlowLayout.swift in Sources */,
				B1CB348B2DD9370F008B9210 /* PlaceDetailRequestModel.swift in Sources */,
				B14EACA62DDAABEF00F8F568 /* MarkerFactory.swift in Sources */,
				957D4C5C2D8E2F8300971433 /* AppDelegate.swift in Sources */,
			);
			runOnlyForDeploymentPostprocessing = 0;
		};
/* End PBXSourcesBuildPhase section */

/* Begin PBXVariantGroup section */
		957D4C522D8E2F8300971433 /* LaunchScreen.storyboard */ = {
			isa = PBXVariantGroup;
			children = (
				957D4C512D8E2F8300971433 /* Base */,
			);
			name = LaunchScreen.storyboard;
			sourceTree = "<group>";
		};
/* End PBXVariantGroup section */

/* Begin XCBuildConfiguration section */
		957D4C4A2D8E2F7D00971433 /* Debug */ = {
			isa = XCBuildConfiguration;
			baseConfigurationReference = C03B4EC667D8360B58ABA1C9 /* Pods-GasGo.debug.xcconfig */;
			buildSettings = {
				ASSETCATALOG_COMPILER_APPICON_NAME = AppIcon;
				ASSETCATALOG_COMPILER_GLOBAL_ACCENT_COLOR_NAME = AccentColor;
				CODE_SIGN_STYLE = Automatic;
				CURRENT_PROJECT_VERSION = 1;
				DEVELOPMENT_TEAM = TF48UQ5NV2;
				GENERATE_INFOPLIST_FILE = YES;
				INFOPLIST_FILE = GasGo/Info.plist;
				INFOPLIST_KEY_UIApplicationSupportsIndirectInputEvents = YES;
				INFOPLIST_KEY_UILaunchStoryboardName = LaunchScreen;
				INFOPLIST_KEY_UIMainStoryboardFile = LaunchScreen;
				INFOPLIST_KEY_UISupportedInterfaceOrientations_iPad = "UIInterfaceOrientationPortrait UIInterfaceOrientationPortraitUpsideDown UIInterfaceOrientationLandscapeLeft UIInterfaceOrientationLandscapeRight";
				INFOPLIST_KEY_UISupportedInterfaceOrientations_iPhone = "UIInterfaceOrientationPortrait UIInterfaceOrientationLandscapeLeft UIInterfaceOrientationLandscapeRight";
				LD_RUNPATH_SEARCH_PATHS = (
					"$(inherited)",
					"@executable_path/Frameworks",
				);
				MARKETING_VERSION = 1.0;
				PRODUCT_BUNDLE_IDENTIFIER = me.emrah.zorlu.GasGo;
				PRODUCT_NAME = "$(TARGET_NAME)";
				SWIFT_EMIT_LOC_STRINGS = YES;
				SWIFT_VERSION = 5.0;
				TARGETED_DEVICE_FAMILY = "1,2";
			};
			name = Debug;
		};
		957D4C4B2D8E2F7D00971433 /* Release */ = {
			isa = XCBuildConfiguration;
			baseConfigurationReference = 38CB710A982A01D7D0680197 /* Pods-GasGo.release.xcconfig */;
			buildSettings = {
				ASSETCATALOG_COMPILER_APPICON_NAME = AppIcon;
				ASSETCATALOG_COMPILER_GLOBAL_ACCENT_COLOR_NAME = AccentColor;
				CODE_SIGN_STYLE = Automatic;
				CURRENT_PROJECT_VERSION = 1;
				DEVELOPMENT_TEAM = TF48UQ5NV2;
				GENERATE_INFOPLIST_FILE = YES;
				INFOPLIST_FILE = GasGo/Info.plist;
				INFOPLIST_KEY_UIApplicationSupportsIndirectInputEvents = YES;
				INFOPLIST_KEY_UILaunchStoryboardName = LaunchScreen;
				INFOPLIST_KEY_UIMainStoryboardFile = LaunchScreen;
				INFOPLIST_KEY_UISupportedInterfaceOrientations_iPad = "UIInterfaceOrientationPortrait UIInterfaceOrientationPortraitUpsideDown UIInterfaceOrientationLandscapeLeft UIInterfaceOrientationLandscapeRight";
				INFOPLIST_KEY_UISupportedInterfaceOrientations_iPhone = "UIInterfaceOrientationPortrait UIInterfaceOrientationLandscapeLeft UIInterfaceOrientationLandscapeRight";
				LD_RUNPATH_SEARCH_PATHS = (
					"$(inherited)",
					"@executable_path/Frameworks",
				);
				MARKETING_VERSION = 1.0;
				PRODUCT_BUNDLE_IDENTIFIER = me.emrah.zorlu.GasGo;
				PRODUCT_NAME = "$(TARGET_NAME)";
				SWIFT_EMIT_LOC_STRINGS = YES;
				SWIFT_VERSION = 5.0;
				TARGETED_DEVICE_FAMILY = "1,2";
			};
			name = Release;
		};
		957D4C4C2D8E2F7D00971433 /* Debug */ = {
			isa = XCBuildConfiguration;
			buildSettings = {
				ALWAYS_SEARCH_USER_PATHS = NO;
				ASSETCATALOG_COMPILER_GENERATE_SWIFT_ASSET_SYMBOL_EXTENSIONS = YES;
				CLANG_ANALYZER_NONNULL = YES;
				CLANG_ANALYZER_NUMBER_OBJECT_CONVERSION = YES_AGGRESSIVE;
				CLANG_CXX_LANGUAGE_STANDARD = "gnu++20";
				CLANG_ENABLE_MODULES = YES;
				CLANG_ENABLE_OBJC_ARC = YES;
				CLANG_ENABLE_OBJC_WEAK = YES;
				CLANG_WARN_BLOCK_CAPTURE_AUTORELEASING = YES;
				CLANG_WARN_BOOL_CONVERSION = YES;
				CLANG_WARN_COMMA = YES;
				CLANG_WARN_CONSTANT_CONVERSION = YES;
				CLANG_WARN_DEPRECATED_OBJC_IMPLEMENTATIONS = YES;
				CLANG_WARN_DIRECT_OBJC_ISA_USAGE = YES_ERROR;
				CLANG_WARN_DOCUMENTATION_COMMENTS = YES;
				CLANG_WARN_EMPTY_BODY = YES;
				CLANG_WARN_ENUM_CONVERSION = YES;
				CLANG_WARN_INFINITE_RECURSION = YES;
				CLANG_WARN_INT_CONVERSION = YES;
				CLANG_WARN_NON_LITERAL_NULL_CONVERSION = YES;
				CLANG_WARN_OBJC_IMPLICIT_RETAIN_SELF = YES;
				CLANG_WARN_OBJC_LITERAL_CONVERSION = YES;
				CLANG_WARN_OBJC_ROOT_CLASS = YES_ERROR;
				CLANG_WARN_QUOTED_INCLUDE_IN_FRAMEWORK_HEADER = YES;
				CLANG_WARN_RANGE_LOOP_ANALYSIS = YES;
				CLANG_WARN_STRICT_PROTOTYPES = YES;
				CLANG_WARN_SUSPICIOUS_MOVE = YES;
				CLANG_WARN_UNGUARDED_AVAILABILITY = YES_AGGRESSIVE;
				CLANG_WARN_UNREACHABLE_CODE = YES;
				CLANG_WARN__DUPLICATE_METHOD_MATCH = YES;
				COPY_PHASE_STRIP = NO;
				DEBUG_INFORMATION_FORMAT = dwarf;
				ENABLE_STRICT_OBJC_MSGSEND = YES;
				ENABLE_TESTABILITY = YES;
				ENABLE_USER_SCRIPT_SANDBOXING = NO;
				GCC_C_LANGUAGE_STANDARD = gnu17;
				GCC_DYNAMIC_NO_PIC = NO;
				GCC_NO_COMMON_BLOCKS = YES;
				GCC_OPTIMIZATION_LEVEL = 0;
				GCC_PREPROCESSOR_DEFINITIONS = (
					"DEBUG=1",
					"$(inherited)",
				);
				GCC_WARN_64_TO_32_BIT_CONVERSION = YES;
				GCC_WARN_ABOUT_RETURN_TYPE = YES_ERROR;
				GCC_WARN_UNDECLARED_SELECTOR = YES;
				GCC_WARN_UNINITIALIZED_AUTOS = YES_AGGRESSIVE;
				GCC_WARN_UNUSED_FUNCTION = YES;
				GCC_WARN_UNUSED_VARIABLE = YES;
				IPHONEOS_DEPLOYMENT_TARGET = 18.2;
				LOCALIZATION_PREFERS_STRING_CATALOGS = YES;
				MTL_ENABLE_DEBUG_INFO = INCLUDE_SOURCE;
				MTL_FAST_MATH = YES;
				ONLY_ACTIVE_ARCH = YES;
				SDKROOT = iphoneos;
				SWIFT_ACTIVE_COMPILATION_CONDITIONS = "DEBUG $(inherited)";
				SWIFT_OPTIMIZATION_LEVEL = "-Onone";
			};
			name = Debug;
		};
		957D4C4D2D8E2F7D00971433 /* Release */ = {
			isa = XCBuildConfiguration;
			buildSettings = {
				ALWAYS_SEARCH_USER_PATHS = NO;
				ASSETCATALOG_COMPILER_GENERATE_SWIFT_ASSET_SYMBOL_EXTENSIONS = YES;
				CLANG_ANALYZER_NONNULL = YES;
				CLANG_ANALYZER_NUMBER_OBJECT_CONVERSION = YES_AGGRESSIVE;
				CLANG_CXX_LANGUAGE_STANDARD = "gnu++20";
				CLANG_ENABLE_MODULES = YES;
				CLANG_ENABLE_OBJC_ARC = YES;
				CLANG_ENABLE_OBJC_WEAK = YES;
				CLANG_WARN_BLOCK_CAPTURE_AUTORELEASING = YES;
				CLANG_WARN_BOOL_CONVERSION = YES;
				CLANG_WARN_COMMA = YES;
				CLANG_WARN_CONSTANT_CONVERSION = YES;
				CLANG_WARN_DEPRECATED_OBJC_IMPLEMENTATIONS = YES;
				CLANG_WARN_DIRECT_OBJC_ISA_USAGE = YES_ERROR;
				CLANG_WARN_DOCUMENTATION_COMMENTS = YES;
				CLANG_WARN_EMPTY_BODY = YES;
				CLANG_WARN_ENUM_CONVERSION = YES;
				CLANG_WARN_INFINITE_RECURSION = YES;
				CLANG_WARN_INT_CONVERSION = YES;
				CLANG_WARN_NON_LITERAL_NULL_CONVERSION = YES;
				CLANG_WARN_OBJC_IMPLICIT_RETAIN_SELF = YES;
				CLANG_WARN_OBJC_LITERAL_CONVERSION = YES;
				CLANG_WARN_OBJC_ROOT_CLASS = YES_ERROR;
				CLANG_WARN_QUOTED_INCLUDE_IN_FRAMEWORK_HEADER = YES;
				CLANG_WARN_RANGE_LOOP_ANALYSIS = YES;
				CLANG_WARN_STRICT_PROTOTYPES = YES;
				CLANG_WARN_SUSPICIOUS_MOVE = YES;
				CLANG_WARN_UNGUARDED_AVAILABILITY = YES_AGGRESSIVE;
				CLANG_WARN_UNREACHABLE_CODE = YES;
				CLANG_WARN__DUPLICATE_METHOD_MATCH = YES;
				COPY_PHASE_STRIP = NO;
				DEBUG_INFORMATION_FORMAT = "dwarf-with-dsym";
				ENABLE_NS_ASSERTIONS = NO;
				ENABLE_STRICT_OBJC_MSGSEND = YES;
				ENABLE_USER_SCRIPT_SANDBOXING = NO;
				GCC_C_LANGUAGE_STANDARD = gnu17;
				GCC_NO_COMMON_BLOCKS = YES;
				GCC_WARN_64_TO_32_BIT_CONVERSION = YES;
				GCC_WARN_ABOUT_RETURN_TYPE = YES_ERROR;
				GCC_WARN_UNDECLARED_SELECTOR = YES;
				GCC_WARN_UNINITIALIZED_AUTOS = YES_AGGRESSIVE;
				GCC_WARN_UNUSED_FUNCTION = YES;
				GCC_WARN_UNUSED_VARIABLE = YES;
				IPHONEOS_DEPLOYMENT_TARGET = 18.2;
				LOCALIZATION_PREFERS_STRING_CATALOGS = YES;
				MTL_ENABLE_DEBUG_INFO = NO;
				MTL_FAST_MATH = YES;
				SDKROOT = iphoneos;
				SWIFT_COMPILATION_MODE = wholemodule;
				VALIDATE_PRODUCT = YES;
			};
			name = Release;
		};
/* End XCBuildConfiguration section */

/* Begin XCConfigurationList section */
		957D4C312D8E2F7B00971433 /* Build configuration list for PBXProject "GasGo" */ = {
			isa = XCConfigurationList;
			buildConfigurations = (
				957D4C4C2D8E2F7D00971433 /* Debug */,
				957D4C4D2D8E2F7D00971433 /* Release */,
			);
			defaultConfigurationIsVisible = 0;
			defaultConfigurationName = Release;
		};
		957D4C492D8E2F7D00971433 /* Build configuration list for PBXNativeTarget "GasGo" */ = {
			isa = XCConfigurationList;
			buildConfigurations = (
				957D4C4A2D8E2F7D00971433 /* Debug */,
				957D4C4B2D8E2F7D00971433 /* Release */,
			);
			defaultConfigurationIsVisible = 0;
			defaultConfigurationName = Release;
		};
/* End XCConfigurationList section */

/* Begin XCVersionGroup section */
		B103738B2DE002BC00360C22 /* Favorites.xcdatamodeld */ = {
			isa = XCVersionGroup;
			children = (
				B103738C2DE002BC00360C22 /* Favorites.xcdatamodel */,
			);
			currentVersion = B103738C2DE002BC00360C22 /* Favorites.xcdatamodel */;
			path = Favorites.xcdatamodeld;
			sourceTree = "<group>";
			versionGroupType = wrapper.xcdatamodel;
		};
/* End XCVersionGroup section */
	};
	rootObject = 957D4C2E2D8E2F7B00971433 /* Project object */;
}
