// !$*UTF8*$!
{
	archiveVersion = 1;
	classes = {
	};
	objectVersion = 77;
	objects = {

/* Begin PBXBuildFile section */
		957D4C582D8E2F8300971433 /* Assets.xcassets in Resources */ = {isa = PBXBuildFile; fileRef = 957D4C4F2D8E2F8300971433 /* Assets.xcassets */; };
		957D4C5A2D8E2F8300971433 /* LaunchScreen.storyboard in Resources */ = {isa = PBXBuildFile; fileRef = 957D4C522D8E2F8300971433 /* LaunchScreen.storyboard */; };
		957D4C5C2D8E2F8300971433 /* AppDelegate.swift in Sources */ = {isa = PBXBuildFile; fileRef = 957D4C4E2D8E2F8300971433 /* AppDelegate.swift */; };
		957D4C662D8E304A00971433 /* Launch.storyboard in Resources */ = {isa = PBXBuildFile; fileRef = 957D4C602D8E304A00971433 /* Launch.storyboard */; };
		957D4C672D8E304A00971433 /* LaunchContract.swift in Sources */ = {isa = PBXBuildFile; fileRef = 957D4C612D8E304A00971433 /* LaunchContract.swift */; };
		957D4C682D8E304A00971433 /* LaunchInteractor.swift in Sources */ = {isa = PBXBuildFile; fileRef = 957D4C622D8E304A00971433 /* LaunchInteractor.swift */; };
		957D4C692D8E304A00971433 /* LaunchPresenter.swift in Sources */ = {isa = PBXBuildFile; fileRef = 957D4C632D8E304A00971433 /* LaunchPresenter.swift */; };
		957D4C6A2D8E304A00971433 /* LaunchViewController.swift in Sources */ = {isa = PBXBuildFile; fileRef = 957D4C652D8E304A00971433 /* LaunchViewController.swift */; };
		957D4C6B2D8E304A00971433 /* LaunchRouter.swift in Sources */ = {isa = PBXBuildFile; fileRef = 957D4C642D8E304A00971433 /* LaunchRouter.swift */; };
		957D4C6E2D8E31AE00971433 /* UIStoryboardExtension.swift in Sources */ = {isa = PBXBuildFile; fileRef = 957D4C6D2D8E31AE00971433 /* UIStoryboardExtension.swift */; };
		957D4C7A2D8E322700971433 /* BaseView.swift in Sources */ = {isa = PBXBuildFile; fileRef = 957D4C772D8E322700971433 /* BaseView.swift */; };
		957D4C7B2D8E322700971433 /* BaseInteractor.swift in Sources */ = {isa = PBXBuildFile; fileRef = 957D4C762D8E322700971433 /* BaseInteractor.swift */; };
		957D4C7C2D8E322700971433 /* BaseViewController.swift in Sources */ = {isa = PBXBuildFile; fileRef = 957D4C782D8E322700971433 /* BaseViewController.swift */; };
/* End PBXBuildFile section */

/* Begin PBXFileReference section */
		957D4C362D8E2F7B00971433 /* GasGo.app */ = {isa = PBXFileReference; explicitFileType = wrapper.application; includeInIndex = 0; path = GasGo.app; sourceTree = BUILT_PRODUCTS_DIR; };
		957D4C4E2D8E2F8300971433 /* AppDelegate.swift */ = {isa = PBXFileReference; lastKnownFileType = sourcecode.swift; path = AppDelegate.swift; sourceTree = "<group>"; };
		957D4C4F2D8E2F8300971433 /* Assets.xcassets */ = {isa = PBXFileReference; lastKnownFileType = folder.assetcatalog; path = Assets.xcassets; sourceTree = "<group>"; };
		957D4C502D8E2F8300971433 /* Info.plist */ = {isa = PBXFileReference; lastKnownFileType = text.plist.xml; path = Info.plist; sourceTree = "<group>"; };
		957D4C512D8E2F8300971433 /* Base */ = {isa = PBXFileReference; lastKnownFileType = file.storyboard; name = Base; path = Base.lproj/LaunchScreen.storyboard; sourceTree = "<group>"; };
		957D4C602D8E304A00971433 /* Launch.storyboard */ = {isa = PBXFileReference; lastKnownFileType = file.storyboard; path = Launch.storyboard; sourceTree = "<group>"; };
		957D4C612D8E304A00971433 /* LaunchContract.swift */ = {isa = PBXFileReference; lastKnownFileType = sourcecode.swift; path = LaunchContract.swift; sourceTree = "<group>"; };
		957D4C622D8E304A00971433 /* LaunchInteractor.swift */ = {isa = PBXFileReference; lastKnownFileType = sourcecode.swift; path = LaunchInteractor.swift; sourceTree = "<group>"; };
		957D4C632D8E304A00971433 /* LaunchPresenter.swift */ = {isa = PBXFileReference; lastKnownFileType = sourcecode.swift; path = LaunchPresenter.swift; sourceTree = "<group>"; };
		957D4C642D8E304A00971433 /* LaunchRouter.swift */ = {isa = PBXFileReference; lastKnownFileType = sourcecode.swift; path = LaunchRouter.swift; sourceTree = "<group>"; };
		957D4C652D8E304A00971433 /* LaunchViewController.swift */ = {isa = PBXFileReference; lastKnownFileType = sourcecode.swift; path = LaunchViewController.swift; sourceTree = "<group>"; };
		957D4C6D2D8E31AE00971433 /* UIStoryboardExtension.swift */ = {isa = PBXFileReference; lastKnownFileType = sourcecode.swift; path = UIStoryboardExtension.swift; sourceTree = "<group>"; };
		957D4C762D8E322700971433 /* BaseInteractor.swift */ = {isa = PBXFileReference; lastKnownFileType = sourcecode.swift; path = BaseInteractor.swift; sourceTree = "<group>"; };
		957D4C772D8E322700971433 /* BaseView.swift */ = {isa = PBXFileReference; lastKnownFileType = sourcecode.swift; path = BaseView.swift; sourceTree = "<group>"; };
		957D4C782D8E322700971433 /* BaseViewController.swift */ = {isa = PBXFileReference; lastKnownFileType = sourcecode.swift; path = BaseViewController.swift; sourceTree = "<group>"; };
/* End PBXFileReference section */

/* Begin PBXFrameworksBuildPhase section */
		957D4C332D8E2F7B00971433 /* Frameworks */ = {
			isa = PBXFrameworksBuildPhase;
			buildActionMask = 2147483647;
			files = (
			);
			runOnlyForDeploymentPostprocessing = 0;
		};
/* End PBXFrameworksBuildPhase section */

/* Begin PBXGroup section */
		957D4C2D2D8E2F7B00971433 = {
			isa = PBXGroup;
			children = (
				957D4C572D8E2F8300971433 /* GasGo */,
				957D4C372D8E2F7B00971433 /* Products */,
			);
			sourceTree = "<group>";
		};
		957D4C372D8E2F7B00971433 /* Products */ = {
			isa = PBXGroup;
			children = (
				957D4C362D8E2F7B00971433 /* GasGo.app */,
			);
			name = Products;
			sourceTree = "<group>";
		};
		957D4C572D8E2F8300971433 /* GasGo */ = {
			isa = PBXGroup;
			children = (
				957D4C4E2D8E2F8300971433 /* AppDelegate.swift */,
				957D4C502D8E2F8300971433 /* Info.plist */,
				957D4C6C2D8E30F800971433 /* Extensions */,
				957D4C6F2D8E31C100971433 /* Modules */,
				957D4C5F2D8E302A00971433 /* Resources */,
			);
			path = GasGo;
			sourceTree = "<group>";
		};
		957D4C5F2D8E302A00971433 /* Resources */ = {
			isa = PBXGroup;
			children = (
				957D4C4F2D8E2F8300971433 /* Assets.xcassets */,
				957D4C522D8E2F8300971433 /* LaunchScreen.storyboard */,
			);
			path = Resources;
			sourceTree = "<group>";
		};
		957D4C6C2D8E30F800971433 /* Extensions */ = {
			isa = PBXGroup;
			children = (
				957D4C6D2D8E31AE00971433 /* UIStoryboardExtension.swift */,
			);
			path = Extensions;
			sourceTree = "<group>";
		};
		957D4C6F2D8E31C100971433 /* Modules */ = {
			isa = PBXGroup;
			children = (
				957D4C792D8E322700971433 /* Base */,
				957D4C702D8E31CF00971433 /* Launch */,
			);
			path = Modules;
			sourceTree = "<group>";
		};
		957D4C702D8E31CF00971433 /* Launch */ = {
			isa = PBXGroup;
			children = (
				957D4C722D8E31DC00971433 /* Contract */,
				957D4C712D8E31D600971433 /* View */,
				957D4C732D8E31E100971433 /* Interactor */,
				957D4C742D8E31E600971433 /* Presenter */,
				957D4C752D8E31EA00971433 /* Router */,
			);
			path = Launch;
			sourceTree = "<group>";
		};
		957D4C712D8E31D600971433 /* View */ = {
			isa = PBXGroup;
			children = (
				957D4C602D8E304A00971433 /* Launch.storyboard */,
				957D4C652D8E304A00971433 /* LaunchViewController.swift */,
			);
			path = View;
			sourceTree = "<group>";
		};
		957D4C722D8E31DC00971433 /* Contract */ = {
			isa = PBXGroup;
			children = (
				957D4C612D8E304A00971433 /* LaunchContract.swift */,
			);
			path = Contract;
			sourceTree = "<group>";
		};
		957D4C732D8E31E100971433 /* Interactor */ = {
			isa = PBXGroup;
			children = (
				957D4C622D8E304A00971433 /* LaunchInteractor.swift */,
			);
			path = Interactor;
			sourceTree = "<group>";
		};
		957D4C742D8E31E600971433 /* Presenter */ = {
			isa = PBXGroup;
			children = (
				957D4C632D8E304A00971433 /* LaunchPresenter.swift */,
			);
			path = Presenter;
			sourceTree = "<group>";
		};
		957D4C752D8E31EA00971433 /* Router */ = {
			isa = PBXGroup;
			children = (
				957D4C642D8E304A00971433 /* LaunchRouter.swift */,
			);
			path = Router;
			sourceTree = "<group>";
		};
		957D4C792D8E322700971433 /* Base */ = {
			isa = PBXGroup;
			children = (
				957D4C762D8E322700971433 /* BaseInteractor.swift */,
				957D4C772D8E322700971433 /* BaseView.swift */,
				957D4C782D8E322700971433 /* BaseViewController.swift */,
			);
			path = Base;
			sourceTree = "<group>";
		};
/* End PBXGroup section */

/* Begin PBXNativeTarget section */
		957D4C352D8E2F7B00971433 /* GasGo */ = {
			isa = PBXNativeTarget;
			buildConfigurationList = 957D4C492D8E2F7D00971433 /* Build configuration list for PBXNativeTarget "GasGo" */;
			buildPhases = (
				957D4C322D8E2F7B00971433 /* Sources */,
				957D4C332D8E2F7B00971433 /* Frameworks */,
				957D4C342D8E2F7B00971433 /* Resources */,
			);
			buildRules = (
			);
			dependencies = (
			);
			name = GasGo;
			packageProductDependencies = (
			);
			productName = GasGo;
			productReference = 957D4C362D8E2F7B00971433 /* GasGo.app */;
			productType = "com.apple.product-type.application";
		};
/* End PBXNativeTarget section */

/* Begin PBXProject section */
		957D4C2E2D8E2F7B00971433 /* Project object */ = {
			isa = PBXProject;
			attributes = {
				BuildIndependentTargetsInParallel = 1;
				LastSwiftUpdateCheck = 1620;
				LastUpgradeCheck = 1620;
				TargetAttributes = {
					957D4C352D8E2F7B00971433 = {
						CreatedOnToolsVersion = 16.2;
					};
				};
			};
			buildConfigurationList = 957D4C312D8E2F7B00971433 /* Build configuration list for PBXProject "GasGo" */;
			developmentRegion = en;
			hasScannedForEncodings = 0;
			knownRegions = (
				en,
				Base,
			);
			mainGroup = 957D4C2D2D8E2F7B00971433;
			minimizedProjectReferenceProxies = 1;
			preferredProjectObjectVersion = 77;
			productRefGroup = 957D4C372D8E2F7B00971433 /* Products */;
			projectDirPath = "";
			projectRoot = "";
			targets = (
				957D4C352D8E2F7B00971433 /* GasGo */,
			);
		};
/* End PBXProject section */

/* Begin PBXResourcesBuildPhase section */
		957D4C342D8E2F7B00971433 /* Resources */ = {
			isa = PBXResourcesBuildPhase;
			buildActionMask = 2147483647;
			files = (
				957D4C582D8E2F8300971433 /* Assets.xcassets in Resources */,
				957D4C5A2D8E2F8300971433 /* LaunchScreen.storyboard in Resources */,
				957D4C662D8E304A00971433 /* Launch.storyboard in Resources */,
			);
			runOnlyForDeploymentPostprocessing = 0;
		};
/* End PBXResourcesBuildPhase section */

/* Begin PBXSourcesBuildPhase section */
		957D4C322D8E2F7B00971433 /* Sources */ = {
			isa = PBXSourcesBuildPhase;
			buildActionMask = 2147483647;
			files = (
				957D4C672D8E304A00971433 /* LaunchContract.swift in Sources */,
				957D4C7A2D8E322700971433 /* BaseView.swift in Sources */,
				957D4C7B2D8E322700971433 /* BaseInteractor.swift in Sources */,
				957D4C7C2D8E322700971433 /* BaseViewController.swift in Sources */,
				957D4C682D8E304A00971433 /* LaunchInteractor.swift in Sources */,
				957D4C692D8E304A00971433 /* LaunchPresenter.swift in Sources */,
				957D4C6A2D8E304A00971433 /* LaunchViewController.swift in Sources */,
				957D4C6B2D8E304A00971433 /* LaunchRouter.swift in Sources */,
				957D4C5C2D8E2F8300971433 /* AppDelegate.swift in Sources */,
				957D4C6E2D8E31AE00971433 /* UIStoryboardExtension.swift in Sources */,
			);
			runOnlyForDeploymentPostprocessing = 0;
		};
/* End PBXSourcesBuildPhase section */

/* Begin PBXVariantGroup section */
		957D4C522D8E2F8300971433 /* LaunchScreen.storyboard */ = {
			isa = PBXVariantGroup;
			children = (
				957D4C512D8E2F8300971433 /* Base */,
			);
			name = LaunchScreen.storyboard;
			sourceTree = "<group>";
		};
/* End PBXVariantGroup section */

/* Begin XCBuildConfiguration section */
		957D4C4A2D8E2F7D00971433 /* Debug */ = {
			isa = XCBuildConfiguration;
			buildSettings = {
				ASSETCATALOG_COMPILER_APPICON_NAME = AppIcon;
				ASSETCATALOG_COMPILER_GLOBAL_ACCENT_COLOR_NAME = AccentColor;
				CODE_SIGN_STYLE = Automatic;
				CURRENT_PROJECT_VERSION = 1;
				GENERATE_INFOPLIST_FILE = YES;
				INFOPLIST_FILE = GasGo/Info.plist;
				INFOPLIST_KEY_UIApplicationSupportsIndirectInputEvents = YES;
				INFOPLIST_KEY_UILaunchStoryboardName = LaunchScreen;
				INFOPLIST_KEY_UIMainStoryboardFile = LaunchScreen;
				INFOPLIST_KEY_UISupportedInterfaceOrientations_iPad = "UIInterfaceOrientationPortrait UIInterfaceOrientationPortraitUpsideDown UIInterfaceOrientationLandscapeLeft UIInterfaceOrientationLandscapeRight";
				INFOPLIST_KEY_UISupportedInterfaceOrientations_iPhone = "UIInterfaceOrientationPortrait UIInterfaceOrientationLandscapeLeft UIInterfaceOrientationLandscapeRight";
				LD_RUNPATH_SEARCH_PATHS = (
					"$(inherited)",
					"@executable_path/Frameworks",
				);
				MARKETING_VERSION = 1.0;
				PRODUCT_BUNDLE_IDENTIFIER = me.emrah.zorlu.GasGo;
				PRODUCT_NAME = "$(TARGET_NAME)";
				SWIFT_EMIT_LOC_STRINGS = YES;
				SWIFT_VERSION = 5.0;
				TARGETED_DEVICE_FAMILY = "1,2";
			};
			name = Debug;
		};
		957D4C4B2D8E2F7D00971433 /* Release */ = {
			isa = XCBuildConfiguration;
			buildSettings = {
				ASSETCATALOG_COMPILER_APPICON_NAME = AppIcon;
				ASSETCATALOG_COMPILER_GLOBAL_ACCENT_COLOR_NAME = AccentColor;
				CODE_SIGN_STYLE = Automatic;
				CURRENT_PROJECT_VERSION = 1;
				GENERATE_INFOPLIST_FILE = YES;
				INFOPLIST_FILE = GasGo/Info.plist;
				INFOPLIST_KEY_UIApplicationSupportsIndirectInputEvents = YES;
				INFOPLIST_KEY_UILaunchStoryboardName = LaunchScreen;
				INFOPLIST_KEY_UIMainStoryboardFile = LaunchScreen;
				INFOPLIST_KEY_UISupportedInterfaceOrientations_iPad = "UIInterfaceOrientationPortrait UIInterfaceOrientationPortraitUpsideDown UIInterfaceOrientationLandscapeLeft UIInterfaceOrientationLandscapeRight";
				INFOPLIST_KEY_UISupportedInterfaceOrientations_iPhone = "UIInterfaceOrientationPortrait UIInterfaceOrientationLandscapeLeft UIInterfaceOrientationLandscapeRight";
				LD_RUNPATH_SEARCH_PATHS = (
					"$(inherited)",
					"@executable_path/Frameworks",
				);
				MARKETING_VERSION = 1.0;
				PRODUCT_BUNDLE_IDENTIFIER = me.emrah.zorlu.GasGo;
				PRODUCT_NAME = "$(TARGET_NAME)";
				SWIFT_EMIT_LOC_STRINGS = YES;
				SWIFT_VERSION = 5.0;
				TARGETED_DEVICE_FAMILY = "1,2";
			};
			name = Release;
		};
		957D4C4C2D8E2F7D00971433 /* Debug */ = {
			isa = XCBuildConfiguration;
			buildSettings = {
				ALWAYS_SEARCH_USER_PATHS = NO;
				ASSETCATALOG_COMPILER_GENERATE_SWIFT_ASSET_SYMBOL_EXTENSIONS = YES;
				CLANG_ANALYZER_NONNULL = YES;
				CLANG_ANALYZER_NUMBER_OBJECT_CONVERSION = YES_AGGRESSIVE;
				CLANG_CXX_LANGUAGE_STANDARD = "gnu++20";
				CLANG_ENABLE_MODULES = YES;
				CLANG_ENABLE_OBJC_ARC = YES;
				CLANG_ENABLE_OBJC_WEAK = YES;
				CLANG_WARN_BLOCK_CAPTURE_AUTORELEASING = YES;
				CLANG_WARN_BOOL_CONVERSION = YES;
				CLANG_WARN_COMMA = YES;
				CLANG_WARN_CONSTANT_CONVERSION = YES;
				CLANG_WARN_DEPRECATED_OBJC_IMPLEMENTATIONS = YES;
				CLANG_WARN_DIRECT_OBJC_ISA_USAGE = YES_ERROR;
				CLANG_WARN_DOCUMENTATION_COMMENTS = YES;
				CLANG_WARN_EMPTY_BODY = YES;
				CLANG_WARN_ENUM_CONVERSION = YES;
				CLANG_WARN_INFINITE_RECURSION = YES;
				CLANG_WARN_INT_CONVERSION = YES;
				CLANG_WARN_NON_LITERAL_NULL_CONVERSION = YES;
				CLANG_WARN_OBJC_IMPLICIT_RETAIN_SELF = YES;
				CLANG_WARN_OBJC_LITERAL_CONVERSION = YES;
				CLANG_WARN_OBJC_ROOT_CLASS = YES_ERROR;
				CLANG_WARN_QUOTED_INCLUDE_IN_FRAMEWORK_HEADER = YES;
				CLANG_WARN_RANGE_LOOP_ANALYSIS = YES;
				CLANG_WARN_STRICT_PROTOTYPES = YES;
				CLANG_WARN_SUSPICIOUS_MOVE = YES;
				CLANG_WARN_UNGUARDED_AVAILABILITY = YES_AGGRESSIVE;
				CLANG_WARN_UNREACHABLE_CODE = YES;
				CLANG_WARN__DUPLICATE_METHOD_MATCH = YES;
				COPY_PHASE_STRIP = NO;
				DEBUG_INFORMATION_FORMAT = dwarf;
				ENABLE_STRICT_OBJC_MSGSEND = YES;
				ENABLE_TESTABILITY = YES;
				ENABLE_USER_SCRIPT_SANDBOXING = YES;
				GCC_C_LANGUAGE_STANDARD = gnu17;
				GCC_DYNAMIC_NO_PIC = NO;
				GCC_NO_COMMON_BLOCKS = YES;
				GCC_OPTIMIZATION_LEVEL = 0;
				GCC_PREPROCESSOR_DEFINITIONS = (
					"DEBUG=1",
					"$(inherited)",
				);
				GCC_WARN_64_TO_32_BIT_CONVERSION = YES;
				GCC_WARN_ABOUT_RETURN_TYPE = YES_ERROR;
				GCC_WARN_UNDECLARED_SELECTOR = YES;
				GCC_WARN_UNINITIALIZED_AUTOS = YES_AGGRESSIVE;
				GCC_WARN_UNUSED_FUNCTION = YES;
				GCC_WARN_UNUSED_VARIABLE = YES;
				IPHONEOS_DEPLOYMENT_TARGET = 18.2;
				LOCALIZATION_PREFERS_STRING_CATALOGS = YES;
				MTL_ENABLE_DEBUG_INFO = INCLUDE_SOURCE;
				MTL_FAST_MATH = YES;
				ONLY_ACTIVE_ARCH = YES;
				SDKROOT = iphoneos;
				SWIFT_ACTIVE_COMPILATION_CONDITIONS = "DEBUG $(inherited)";
				SWIFT_OPTIMIZATION_LEVEL = "-Onone";
			};
			name = Debug;
		};
		957D4C4D2D8E2F7D00971433 /* Release */ = {
			isa = XCBuildConfiguration;
			buildSettings = {
				ALWAYS_SEARCH_USER_PATHS = NO;
				ASSETCATALOG_COMPILER_GENERATE_SWIFT_ASSET_SYMBOL_EXTENSIONS = YES;
				CLANG_ANALYZER_NONNULL = YES;
				CLANG_ANALYZER_NUMBER_OBJECT_CONVERSION = YES_AGGRESSIVE;
				CLANG_CXX_LANGUAGE_STANDARD = "gnu++20";
				CLANG_ENABLE_MODULES = YES;
				CLANG_ENABLE_OBJC_ARC = YES;
				CLANG_ENABLE_OBJC_WEAK = YES;
				CLANG_WARN_BLOCK_CAPTURE_AUTORELEASING = YES;
				CLANG_WARN_BOOL_CONVERSION = YES;
				CLANG_WARN_COMMA = YES;
				CLANG_WARN_CONSTANT_CONVERSION = YES;
				CLANG_WARN_DEPRECATED_OBJC_IMPLEMENTATIONS = YES;
				CLANG_WARN_DIRECT_OBJC_ISA_USAGE = YES_ERROR;
				CLANG_WARN_DOCUMENTATION_COMMENTS = YES;
				CLANG_WARN_EMPTY_BODY = YES;
				CLANG_WARN_ENUM_CONVERSION = YES;
				CLANG_WARN_INFINITE_RECURSION = YES;
				CLANG_WARN_INT_CONVERSION = YES;
				CLANG_WARN_NON_LITERAL_NULL_CONVERSION = YES;
				CLANG_WARN_OBJC_IMPLICIT_RETAIN_SELF = YES;
				CLANG_WARN_OBJC_LITERAL_CONVERSION = YES;
				CLANG_WARN_OBJC_ROOT_CLASS = YES_ERROR;
				CLANG_WARN_QUOTED_INCLUDE_IN_FRAMEWORK_HEADER = YES;
				CLANG_WARN_RANGE_LOOP_ANALYSIS = YES;
				CLANG_WARN_STRICT_PROTOTYPES = YES;
				CLANG_WARN_SUSPICIOUS_MOVE = YES;
				CLANG_WARN_UNGUARDED_AVAILABILITY = YES_AGGRESSIVE;
				CLANG_WARN_UNREACHABLE_CODE = YES;
				CLANG_WARN__DUPLICATE_METHOD_MATCH = YES;
				COPY_PHASE_STRIP = NO;
				DEBUG_INFORMATION_FORMAT = "dwarf-with-dsym";
				ENABLE_NS_ASSERTIONS = NO;
				ENABLE_STRICT_OBJC_MSGSEND = YES;
				ENABLE_USER_SCRIPT_SANDBOXING = YES;
				GCC_C_LANGUAGE_STANDARD = gnu17;
				GCC_NO_COMMON_BLOCKS = YES;
				GCC_WARN_64_TO_32_BIT_CONVERSION = YES;
				GCC_WARN_ABOUT_RETURN_TYPE = YES_ERROR;
				GCC_WARN_UNDECLARED_SELECTOR = YES;
				GCC_WARN_UNINITIALIZED_AUTOS = YES_AGGRESSIVE;
				GCC_WARN_UNUSED_FUNCTION = YES;
				GCC_WARN_UNUSED_VARIABLE = YES;
				IPHONEOS_DEPLOYMENT_TARGET = 18.2;
				LOCALIZATION_PREFERS_STRING_CATALOGS = YES;
				MTL_ENABLE_DEBUG_INFO = NO;
				MTL_FAST_MATH = YES;
				SDKROOT = iphoneos;
				SWIFT_COMPILATION_MODE = wholemodule;
				VALIDATE_PRODUCT = YES;
			};
			name = Release;
		};
/* End XCBuildConfiguration section */

/* Begin XCConfigurationList section */
		957D4C312D8E2F7B00971433 /* Build configuration list for PBXProject "GasGo" */ = {
			isa = XCConfigurationList;
			buildConfigurations = (
				957D4C4C2D8E2F7D00971433 /* Debug */,
				957D4C4D2D8E2F7D00971433 /* Release */,
			);
			defaultConfigurationIsVisible = 0;
			defaultConfigurationName = Release;
		};
		957D4C492D8E2F7D00971433 /* Build configuration list for PBXNativeTarget "GasGo" */ = {
			isa = XCConfigurationList;
			buildConfigurations = (
				957D4C4A2D8E2F7D00971433 /* Debug */,
				957D4C4B2D8E2F7D00971433 /* Release */,
			);
			defaultConfigurationIsVisible = 0;
			defaultConfigurationName = Release;
		};
/* End XCConfigurationList section */
	};
	rootObject = 957D4C2E2D8E2F7B00971433 /* Project object */;
}
